// !$*UTF8*$!
{
	archiveVersion = 1;
	classes = {
	};
	objectVersion = 46;
	objects = {

/* Begin PBXBuildFile section */
		AE45B75C1DA62621003F1D7D /* AppDelegate.swift in Sources */ = {isa = PBXBuildFile; fileRef = AE45B75B1DA62621003F1D7D /* AppDelegate.swift */; };
		AE45B75E1DA62621003F1D7D /* ViewController.swift in Sources */ = {isa = PBXBuildFile; fileRef = AE45B75D1DA62621003F1D7D /* ViewController.swift */; };
		AE45B7611DA62621003F1D7D /* Main.storyboard in Resources */ = {isa = PBXBuildFile; fileRef = AE45B75F1DA62621003F1D7D /* Main.storyboard */; };
		AE45B7631DA62621003F1D7D /* Assets.xcassets in Resources */ = {isa = PBXBuildFile; fileRef = AE45B7621DA62621003F1D7D /* Assets.xcassets */; };
		AE45B7661DA62621003F1D7D /* LaunchScreen.storyboard in Resources */ = {isa = PBXBuildFile; fileRef = AE45B7641DA62621003F1D7D /* LaunchScreen.storyboard */; };
		AE45B7741DA627F1003F1D7D /* APIKit.framework in Frameworks */ = {isa = PBXBuildFile; fileRef = AE45B76D1DA627BC003F1D7D /* APIKit.framework */; };
		AE45B7751DA627F1003F1D7D /* APIKit.framework in Embed Frameworks */ = {isa = PBXBuildFile; fileRef = AE45B76D1DA627BC003F1D7D /* APIKit.framework */; settings = {ATTRIBUTES = (CodeSignOnCopy, RemoveHeadersOnCopy, ); }; };
		AE45B7761DA627F1003F1D7D /* Himotoki.framework in Frameworks */ = {isa = PBXBuildFile; fileRef = AE45B76E1DA627BC003F1D7D /* Himotoki.framework */; };
		AE45B7771DA627F1003F1D7D /* Himotoki.framework in Embed Frameworks */ = {isa = PBXBuildFile; fileRef = AE45B76E1DA627BC003F1D7D /* Himotoki.framework */; settings = {ATTRIBUTES = (CodeSignOnCopy, RemoveHeadersOnCopy, ); }; };
		AE45B7781DA627F1003F1D7D /* Result.framework in Frameworks */ = {isa = PBXBuildFile; fileRef = AE45B76F1DA627BC003F1D7D /* Result.framework */; };
		AE45B7791DA627F1003F1D7D /* Result.framework in Embed Frameworks */ = {isa = PBXBuildFile; fileRef = AE45B76F1DA627BC003F1D7D /* Result.framework */; settings = {ATTRIBUTES = (CodeSignOnCopy, RemoveHeadersOnCopy, ); }; };
		AE45B77C1DA627FC003F1D7D /* User.swift in Sources */ = {isa = PBXBuildFile; fileRef = AE45B77B1DA627FC003F1D7D /* User.swift */; };
		AE45B7801DA6285B003F1D7D /* JSONObject.swift in Sources */ = {isa = PBXBuildFile; fileRef = AE45B77F1DA6285B003F1D7D /* JSONObject.swift */; };
		AE5316F91DAA429600EEC949 /* SwiftyStudentsRequest.swift in Sources */ = {isa = PBXBuildFile; fileRef = AE5316F81DAA429600EEC949 /* SwiftyStudentsRequest.swift */; };
		AE5316FB1DAA436A00EEC949 /* GithubService.swift in Sources */ = {isa = PBXBuildFile; fileRef = AE5316FA1DAA436A00EEC949 /* GithubService.swift */; };
		AE5316FE1DAA44F600EEC949 /* Reposirory.swift in Sources */ = {isa = PBXBuildFile; fileRef = AE5316FD1DAA44F600EEC949 /* Reposirory.swift */; };
		AE5317001DAA45D300EEC949 /* Owner.swift in Sources */ = {isa = PBXBuildFile; fileRef = AE5316FF1DAA45D300EEC949 /* Owner.swift */; };
		AE5317021DAA471300EEC949 /* URL+Decodable.swift in Sources */ = {isa = PBXBuildFile; fileRef = AE5317011DAA471300EEC949 /* URL+Decodable.swift */; };
/* End PBXBuildFile section */

/* Begin PBXCopyFilesBuildPhase section */
		AE45B77A1DA627F1003F1D7D /* Embed Frameworks */ = {
			isa = PBXCopyFilesBuildPhase;
			buildActionMask = 2147483647;
			dstPath = "";
			dstSubfolderSpec = 10;
			files = (
				AE45B7791DA627F1003F1D7D /* Result.framework in Embed Frameworks */,
				AE45B7771DA627F1003F1D7D /* Himotoki.framework in Embed Frameworks */,
				AE45B7751DA627F1003F1D7D /* APIKit.framework in Embed Frameworks */,
			);
			name = "Embed Frameworks";
			runOnlyForDeploymentPostprocessing = 0;
		};
/* End PBXCopyFilesBuildPhase section */

/* Begin PBXFileReference section */
		AE45B7581DA62621003F1D7D /* SwiftyStudents+API.app */ = {isa = PBXFileReference; explicitFileType = wrapper.application; includeInIndex = 0; path = "SwiftyStudents+API.app"; sourceTree = BUILT_PRODUCTS_DIR; };
		AE45B75B1DA62621003F1D7D /* AppDelegate.swift */ = {isa = PBXFileReference; lastKnownFileType = sourcecode.swift; path = AppDelegate.swift; sourceTree = "<group>"; };
		AE45B75D1DA62621003F1D7D /* ViewController.swift */ = {isa = PBXFileReference; lastKnownFileType = sourcecode.swift; path = ViewController.swift; sourceTree = "<group>"; };
		AE45B7601DA62621003F1D7D /* Base */ = {isa = PBXFileReference; lastKnownFileType = file.storyboard; name = Base; path = Base.lproj/Main.storyboard; sourceTree = "<group>"; };
		AE45B7621DA62621003F1D7D /* Assets.xcassets */ = {isa = PBXFileReference; lastKnownFileType = folder.assetcatalog; path = Assets.xcassets; sourceTree = "<group>"; };
		AE45B7651DA62621003F1D7D /* Base */ = {isa = PBXFileReference; lastKnownFileType = file.storyboard; name = Base; path = Base.lproj/LaunchScreen.storyboard; sourceTree = "<group>"; };
		AE45B7671DA62621003F1D7D /* Info.plist */ = {isa = PBXFileReference; lastKnownFileType = text.plist.xml; path = Info.plist; sourceTree = "<group>"; };
		AE45B76D1DA627BC003F1D7D /* APIKit.framework */ = {isa = PBXFileReference; lastKnownFileType = wrapper.framework; name = APIKit.framework; path = Carthage/Build/iOS/APIKit.framework; sourceTree = "<group>"; };
		AE45B76E1DA627BC003F1D7D /* Himotoki.framework */ = {isa = PBXFileReference; lastKnownFileType = wrapper.framework; name = Himotoki.framework; path = Carthage/Build/iOS/Himotoki.framework; sourceTree = "<group>"; };
		AE45B76F1DA627BC003F1D7D /* Result.framework */ = {isa = PBXFileReference; lastKnownFileType = wrapper.framework; name = Result.framework; path = Carthage/Build/iOS/Result.framework; sourceTree = "<group>"; };
		AE45B77B1DA627FC003F1D7D /* User.swift */ = {isa = PBXFileReference; fileEncoding = 4; lastKnownFileType = sourcecode.swift; path = User.swift; sourceTree = "<group>"; };
		AE45B77F1DA6285B003F1D7D /* JSONObject.swift */ = {isa = PBXFileReference; fileEncoding = 4; lastKnownFileType = sourcecode.swift; path = JSONObject.swift; sourceTree = "<group>"; };
		AE5316F81DAA429600EEC949 /* SwiftyStudentsRequest.swift */ = {isa = PBXFileReference; fileEncoding = 4; lastKnownFileType = sourcecode.swift; path = SwiftyStudentsRequest.swift; sourceTree = "<group>"; };
		AE5316FA1DAA436A00EEC949 /* GithubService.swift */ = {isa = PBXFileReference; fileEncoding = 4; lastKnownFileType = sourcecode.swift; path = GithubService.swift; sourceTree = "<group>"; };
		AE5316FD1DAA44F600EEC949 /* Reposirory.swift */ = {isa = PBXFileReference; fileEncoding = 4; lastKnownFileType = sourcecode.swift; path = Reposirory.swift; sourceTree = "<group>"; };
		AE5316FF1DAA45D300EEC949 /* Owner.swift */ = {isa = PBXFileReference; fileEncoding = 4; lastKnownFileType = sourcecode.swift; path = Owner.swift; sourceTree = "<group>"; };
		AE5317011DAA471300EEC949 /* URL+Decodable.swift */ = {isa = PBXFileReference; fileEncoding = 4; lastKnownFileType = sourcecode.swift; path = "URL+Decodable.swift"; sourceTree = "<group>"; };
/* End PBXFileReference section */

/* Begin PBXFrameworksBuildPhase section */
		AE45B7551DA62621003F1D7D /* Frameworks */ = {
			isa = PBXFrameworksBuildPhase;
			buildActionMask = 2147483647;
			files = (
				AE45B7781DA627F1003F1D7D /* Result.framework in Frameworks */,
				AE45B7761DA627F1003F1D7D /* Himotoki.framework in Frameworks */,
				AE45B7741DA627F1003F1D7D /* APIKit.framework in Frameworks */,
			);
			runOnlyForDeploymentPostprocessing = 0;
		};
/* End PBXFrameworksBuildPhase section */

/* Begin PBXGroup section */
		AE45B74F1DA62621003F1D7D = {
			isa = PBXGroup;
			children = (
				AE45B75A1DA62621003F1D7D /* SwiftyStudents+API */,
				AE45B7731DA627C1003F1D7D /* Carthage */,
				AE45B7591DA62621003F1D7D /* Products */,
			);
			sourceTree = "<group>";
		};
		AE45B7591DA62621003F1D7D /* Products */ = {
			isa = PBXGroup;
			children = (
				AE45B7581DA62621003F1D7D /* SwiftyStudents+API.app */,
			);
			name = Products;
			sourceTree = "<group>";
		};
		AE45B75A1DA62621003F1D7D /* SwiftyStudents+API */ = {
			isa = PBXGroup;
			children = (
				AE45B75B1DA62621003F1D7D /* AppDelegate.swift */,
				AE45B75D1DA62621003F1D7D /* ViewController.swift */,
				AE45B77D1DA6280D003F1D7D /* Model */,
				AE5316FC1DAA43FF00EEC949 /* API */,
				AE5317031DAA49A400EEC949 /* Decodable */,
				AE45B75F1DA62621003F1D7D /* Main.storyboard */,
				AE45B7621DA62621003F1D7D /* Assets.xcassets */,
				AE45B7641DA62621003F1D7D /* LaunchScreen.storyboard */,
				AE45B7671DA62621003F1D7D /* Info.plist */,
			);
			path = "SwiftyStudents+API";
			sourceTree = "<group>";
		};
		AE45B7731DA627C1003F1D7D /* Carthage */ = {
			isa = PBXGroup;
			children = (
				AE45B76D1DA627BC003F1D7D /* APIKit.framework */,
				AE45B76E1DA627BC003F1D7D /* Himotoki.framework */,
				AE45B76F1DA627BC003F1D7D /* Result.framework */,
			);
			name = Carthage;
			sourceTree = "<group>";
		};
		AE45B77D1DA6280D003F1D7D /* Model */ = {
			isa = PBXGroup;
			children = (
				AE45B77F1DA6285B003F1D7D /* JSONObject.swift */,
				AE5316FD1DAA44F600EEC949 /* Reposirory.swift */,
				AE5316FF1DAA45D300EEC949 /* Owner.swift */,
				AE45B77B1DA627FC003F1D7D /* User.swift */,
			);
			name = Model;
			sourceTree = "<group>";
		};
		AE5316FC1DAA43FF00EEC949 /* API */ = {
			isa = PBXGroup;
			children = (
				AE5316F81DAA429600EEC949 /* SwiftyStudentsRequest.swift */,
				AE5316FA1DAA436A00EEC949 /* GithubService.swift */,
			);
			name = API;
			sourceTree = "<group>";
		};
		AE5317031DAA49A400EEC949 /* Decodable */ = {
			isa = PBXGroup;
			children = (
				AE5317011DAA471300EEC949 /* URL+Decodable.swift */,
			);
			name = Decodable;
			sourceTree = "<group>";
		};
/* End PBXGroup section */

/* Begin PBXNativeTarget section */
		AE45B7571DA62621003F1D7D /* SwiftyStudents+API */ = {
			isa = PBXNativeTarget;
			buildConfigurationList = AE45B76A1DA62621003F1D7D /* Build configuration list for PBXNativeTarget "SwiftyStudents+API" */;
			buildPhases = (
				AE45B7541DA62621003F1D7D /* Sources */,
				AE45B7551DA62621003F1D7D /* Frameworks */,
				AE45B7561DA62621003F1D7D /* Resources */,
				AE45B77A1DA627F1003F1D7D /* Embed Frameworks */,
			);
			buildRules = (
			);
			dependencies = (
			);
			name = "SwiftyStudents+API";
			productName = "SwiftyStudents+API";
			productReference = AE45B7581DA62621003F1D7D /* SwiftyStudents+API.app */;
			productType = "com.apple.product-type.application";
		};
/* End PBXNativeTarget section */

/* Begin PBXProject section */
		AE45B7501DA62621003F1D7D /* Project object */ = {
			isa = PBXProject;
			attributes = {
				LastSwiftUpdateCheck = 0800;
				LastUpgradeCheck = 0800;
				ORGANIZATIONNAME = yuzushioh;
				TargetAttributes = {
					AE45B7571DA62621003F1D7D = {
						CreatedOnToolsVersion = 8.0;
						ProvisioningStyle = Automatic;
					};
				};
			};
			buildConfigurationList = AE45B7531DA62621003F1D7D /* Build configuration list for PBXProject "SwiftyStudents+API" */;
			compatibilityVersion = "Xcode 3.2";
			developmentRegion = English;
			hasScannedForEncodings = 0;
			knownRegions = (
				en,
				Base,
			);
			mainGroup = AE45B74F1DA62621003F1D7D;
			productRefGroup = AE45B7591DA62621003F1D7D /* Products */;
			projectDirPath = "";
			projectRoot = "";
			targets = (
				AE45B7571DA62621003F1D7D /* SwiftyStudents+API */,
			);
		};
/* End PBXProject section */

/* Begin PBXResourcesBuildPhase section */
		AE45B7561DA62621003F1D7D /* Resources */ = {
			isa = PBXResourcesBuildPhase;
			buildActionMask = 2147483647;
			files = (
				AE45B7661DA62621003F1D7D /* LaunchScreen.storyboard in Resources */,
				AE45B7631DA62621003F1D7D /* Assets.xcassets in Resources */,
				AE45B7611DA62621003F1D7D /* Main.storyboard in Resources */,
			);
			runOnlyForDeploymentPostprocessing = 0;
		};
/* End PBXResourcesBuildPhase section */

/* Begin PBXSourcesBuildPhase section */
		AE45B7541DA62621003F1D7D /* Sources */ = {
			isa = PBXSourcesBuildPhase;
			buildActionMask = 2147483647;
			files = (
				AE5316FB1DAA436A00EEC949 /* GithubService.swift in Sources */,
				AE5317001DAA45D300EEC949 /* Owner.swift in Sources */,
				AE5316F91DAA429600EEC949 /* SwiftyStudentsRequest.swift in Sources */,
				AE5316FE1DAA44F600EEC949 /* Reposirory.swift in Sources */,
				AE45B7801DA6285B003F1D7D /* JSONObject.swift in Sources */,
				AE45B75E1DA62621003F1D7D /* ViewController.swift in Sources */,
				AE45B75C1DA62621003F1D7D /* AppDelegate.swift in Sources */,
				AE5317021DAA471300EEC949 /* URL+Decodable.swift in Sources */,
				AE45B77C1DA627FC003F1D7D /* User.swift in Sources */,
			);
			runOnlyForDeploymentPostprocessing = 0;
		};
/* End PBXSourcesBuildPhase section */

/* Begin PBXVariantGroup section */
		AE45B75F1DA62621003F1D7D /* Main.storyboard */ = {
			isa = PBXVariantGroup;
			children = (
				AE45B7601DA62621003F1D7D /* Base */,
			);
			name = Main.storyboard;
			sourceTree = "<group>";
		};
		AE45B7641DA62621003F1D7D /* LaunchScreen.storyboard */ = {
			isa = PBXVariantGroup;
			children = (
				AE45B7651DA62621003F1D7D /* Base */,
			);
			name = LaunchScreen.storyboard;
			sourceTree = "<group>";
		};
/* End PBXVariantGroup section */

/* Begin XCBuildConfiguration section */
		AE45B7681DA62621003F1D7D /* Debug */ = {
			isa = XCBuildConfiguration;
			buildSettings = {
				ALWAYS_SEARCH_USER_PATHS = NO;
				CLANG_ANALYZER_NONNULL = YES;
				CLANG_CXX_LANGUAGE_STANDARD = "gnu++0x";
				CLANG_CXX_LIBRARY = "libc++";
				CLANG_ENABLE_MODULES = YES;
				CLANG_ENABLE_OBJC_ARC = YES;
				CLANG_WARN_BOOL_CONVERSION = YES;
				CLANG_WARN_CONSTANT_CONVERSION = YES;
				CLANG_WARN_DIRECT_OBJC_ISA_USAGE = YES_ERROR;
				CLANG_WARN_DOCUMENTATION_COMMENTS = YES;
				CLANG_WARN_EMPTY_BODY = YES;
				CLANG_WARN_ENUM_CONVERSION = YES;
				CLANG_WARN_INFINITE_RECURSION = YES;
				CLANG_WARN_INT_CONVERSION = YES;
				CLANG_WARN_OBJC_ROOT_CLASS = YES_ERROR;
				CLANG_WARN_SUSPICIOUS_MOVES = YES;
				CLANG_WARN_UNREACHABLE_CODE = YES;
				CLANG_WARN__DUPLICATE_METHOD_MATCH = YES;
				"CODE_SIGN_IDENTITY[sdk=iphoneos*]" = "";
				COPY_PHASE_STRIP = NO;
				DEBUG_INFORMATION_FORMAT = dwarf;
				ENABLE_STRICT_OBJC_MSGSEND = YES;
				ENABLE_TESTABILITY = YES;
				GCC_C_LANGUAGE_STANDARD = gnu99;
				GCC_DYNAMIC_NO_PIC = NO;
				GCC_NO_COMMON_BLOCKS = YES;
				GCC_OPTIMIZATION_LEVEL = 0;
				GCC_PREPROCESSOR_DEFINITIONS = (
					"DEBUG=1",
					"$(inherited)",
				);
				GCC_WARN_64_TO_32_BIT_CONVERSION = YES;
				GCC_WARN_ABOUT_RETURN_TYPE = YES_ERROR;
				GCC_WARN_UNDECLARED_SELECTOR = YES;
				GCC_WARN_UNINITIALIZED_AUTOS = YES_AGGRESSIVE;
				GCC_WARN_UNUSED_FUNCTION = YES;
				GCC_WARN_UNUSED_VARIABLE = YES;
				IPHONEOS_DEPLOYMENT_TARGET = 10.0;
				MTL_ENABLE_DEBUG_INFO = YES;
				ONLY_ACTIVE_ARCH = YES;
				SDKROOT = iphoneos;
				SWIFT_ACTIVE_COMPILATION_CONDITIONS = DEBUG;
				SWIFT_OPTIMIZATION_LEVEL = "-Onone";
			};
			name = Debug;
		};
		AE45B7691DA62621003F1D7D /* Release */ = {
			isa = XCBuildConfiguration;
			buildSettings = {
				ALWAYS_SEARCH_USER_PATHS = NO;
				CLANG_ANALYZER_NONNULL = YES;
				CLANG_CXX_LANGUAGE_STANDARD = "gnu++0x";
				CLANG_CXX_LIBRARY = "libc++";
				CLANG_ENABLE_MODULES = YES;
				CLANG_ENABLE_OBJC_ARC = YES;
				CLANG_WARN_BOOL_CONVERSION = YES;
				CLANG_WARN_CONSTANT_CONVERSION = YES;
				CLANG_WARN_DIRECT_OBJC_ISA_USAGE = YES_ERROR;
				CLANG_WARN_DOCUMENTATION_COMMENTS = YES;
				CLANG_WARN_EMPTY_BODY = YES;
				CLANG_WARN_ENUM_CONVERSION = YES;
				CLANG_WARN_INFINITE_RECURSION = YES;
				CLANG_WARN_INT_CONVERSION = YES;
				CLANG_WARN_OBJC_ROOT_CLASS = YES_ERROR;
				CLANG_WARN_SUSPICIOUS_MOVES = YES;
				CLANG_WARN_UNREACHABLE_CODE = YES;
				CLANG_WARN__DUPLICATE_METHOD_MATCH = YES;
				"CODE_SIGN_IDENTITY[sdk=iphoneos*]" = "";
				COPY_PHASE_STRIP = NO;
				DEBUG_INFORMATION_FORMAT = "dwarf-with-dsym";
				ENABLE_NS_ASSERTIONS = NO;
				ENABLE_STRICT_OBJC_MSGSEND = YES;
				GCC_C_LANGUAGE_STANDARD = gnu99;
				GCC_NO_COMMON_BLOCKS = YES;
				GCC_WARN_64_TO_32_BIT_CONVERSION = YES;
				GCC_WARN_ABOUT_RETURN_TYPE = YES_ERROR;
				GCC_WARN_UNDECLARED_SELECTOR = YES;
				GCC_WARN_UNINITIALIZED_AUTOS = YES_AGGRESSIVE;
				GCC_WARN_UNUSED_FUNCTION = YES;
				GCC_WARN_UNUSED_VARIABLE = YES;
				IPHONEOS_DEPLOYMENT_TARGET = 10.0;
				MTL_ENABLE_DEBUG_INFO = NO;
				SDKROOT = iphoneos;
				SWIFT_OPTIMIZATION_LEVEL = "-Owholemodule";
				VALIDATE_PRODUCT = YES;
			};
			name = Release;
		};
		AE45B76B1DA62621003F1D7D /* Debug */ = {
			isa = XCBuildConfiguration;
			buildSettings = {
				ASSETCATALOG_COMPILER_APPICON_NAME = AppIcon;
				"CODE_SIGN_IDENTITY[sdk=iphoneos*]" = "";
				FRAMEWORK_SEARCH_PATHS = (
					"$(inherited)",
					"$(PROJECT_DIR)/Carthage/Build/iOS",
				);
				INFOPLIST_FILE = "SwiftyStudents+API/Info.plist";
				LD_RUNPATH_SEARCH_PATHS = "$(inherited) @executable_path/Frameworks";
				PRODUCT_BUNDLE_IDENTIFIER = "com.yuzushioh.SwiftyStudents-API";
				PRODUCT_NAME = "$(TARGET_NAME)";
				SWIFT_VERSION = 3.0;
			};
			name = Debug;
		};
		AE45B76C1DA62621003F1D7D /* Release */ = {
			isa = XCBuildConfiguration;
			buildSettings = {
				ASSETCATALOG_COMPILER_APPICON_NAME = AppIcon;
				"CODE_SIGN_IDENTITY[sdk=iphoneos*]" = "";
				FRAMEWORK_SEARCH_PATHS = (
					"$(inherited)",
					"$(PROJECT_DIR)/Carthage/Build/iOS",
				);
				INFOPLIST_FILE = "SwiftyStudents+API/Info.plist";
				LD_RUNPATH_SEARCH_PATHS = "$(inherited) @executable_path/Frameworks";
				PRODUCT_BUNDLE_IDENTIFIER = "com.yuzushioh.SwiftyStudents-API";
				PRODUCT_NAME = "$(TARGET_NAME)";
				SWIFT_VERSION = 3.0;
			};
			name = Release;
		};
/* End XCBuildConfiguration section */

/* Begin XCConfigurationList section */
		AE45B7531DA62621003F1D7D /* Build configuration list for PBXProject "SwiftyStudents+API" */ = {
			isa = XCConfigurationList;
			buildConfigurations = (
				AE45B7681DA62621003F1D7D /* Debug */,
				AE45B7691DA62621003F1D7D /* Release */,
			);
			defaultConfigurationIsVisible = 0;
			defaultConfigurationName = Release;
		};
		AE45B76A1DA62621003F1D7D /* Build configuration list for PBXNativeTarget "SwiftyStudents+API" */ = {
			isa = XCConfigurationList;
			buildConfigurations = (
				AE45B76B1DA62621003F1D7D /* Debug */,
				AE45B76C1DA62621003F1D7D /* Release */,
			);
			defaultConfigurationIsVisible = 0;
			defaultConfigurationName = Release;
		};
/* End XCConfigurationList section */
	};
	rootObject = AE45B7501DA62621003F1D7D /* Project object */;
}
