// !$*UTF8*$!
{
	archiveVersion = 1;
	classes = {
	};
	objectVersion = 46;
	objects = {

/* Begin PBXBuildFile section */
		AE1558B41DD1A895006F9E51 /* AppDelegate.swift in Sources */ = {isa = PBXBuildFile; fileRef = AE1558B31DD1A895006F9E51 /* AppDelegate.swift */; };
		AE1558B61DD1A895006F9E51 /* ListTableViewController.swift in Sources */ = {isa = PBXBuildFile; fileRef = AE1558B51DD1A895006F9E51 /* ListTableViewController.swift */; };
		AE1558B91DD1A895006F9E51 /* Main.storyboard in Resources */ = {isa = PBXBuildFile; fileRef = AE1558B71DD1A895006F9E51 /* Main.storyboard */; };
		AE1558BB1DD1A895006F9E51 /* Assets.xcassets in Resources */ = {isa = PBXBuildFile; fileRef = AE1558BA1DD1A895006F9E51 /* Assets.xcassets */; };
		AE1558BE1DD1A895006F9E51 /* LaunchScreen.storyboard in Resources */ = {isa = PBXBuildFile; fileRef = AE1558BC1DD1A895006F9E51 /* LaunchScreen.storyboard */; };
		AE1558C61DD1A9FB006F9E51 /* Calender.swift in Sources */ = {isa = PBXBuildFile; fileRef = AE1558C51DD1A9FB006F9E51 /* Calender.swift */; };
		AE1558C81DD1AC93006F9E51 /* ListViewCell.swift in Sources */ = {isa = PBXBuildFile; fileRef = AE1558C71DD1AC93006F9E51 /* ListViewCell.swift */; };
		AE1558CA1DD1ADB8006F9E51 /* UserDefaultsManager.swift in Sources */ = {isa = PBXBuildFile; fileRef = AE1558C91DD1ADB8006F9E51 /* UserDefaultsManager.swift */; };
		AE15591A1DD7676A006F9E51 /* EditViewController.swift in Sources */ = {isa = PBXBuildFile; fileRef = AE1559191DD7676A006F9E51 /* EditViewController.swift */; };
/* End PBXBuildFile section */

/* Begin PBXFileReference section */
		AE1558B01DD1A895006F9E51 /* YourName.app */ = {isa = PBXFileReference; explicitFileType = wrapper.application; includeInIndex = 0; path = YourName.app; sourceTree = BUILT_PRODUCTS_DIR; };
		AE1558B31DD1A895006F9E51 /* AppDelegate.swift */ = {isa = PBXFileReference; lastKnownFileType = sourcecode.swift; path = AppDelegate.swift; sourceTree = "<group>"; };
		AE1558B51DD1A895006F9E51 /* ListTableViewController.swift */ = {isa = PBXFileReference; lastKnownFileType = sourcecode.swift; path = ListTableViewController.swift; sourceTree = "<group>"; };
		AE1558B81DD1A895006F9E51 /* Base */ = {isa = PBXFileReference; lastKnownFileType = file.storyboard; name = Base; path = Base.lproj/Main.storyboard; sourceTree = "<group>"; };
		AE1558BA1DD1A895006F9E51 /* Assets.xcassets */ = {isa = PBXFileReference; lastKnownFileType = folder.assetcatalog; path = Assets.xcassets; sourceTree = "<group>"; };
		AE1558BD1DD1A895006F9E51 /* Base */ = {isa = PBXFileReference; lastKnownFileType = file.storyboard; name = Base; path = Base.lproj/LaunchScreen.storyboard; sourceTree = "<group>"; };
		AE1558BF1DD1A895006F9E51 /* Info.plist */ = {isa = PBXFileReference; lastKnownFileType = text.plist.xml; path = Info.plist; sourceTree = "<group>"; };
		AE1558C51DD1A9FB006F9E51 /* Calender.swift */ = {isa = PBXFileReference; fileEncoding = 4; lastKnownFileType = sourcecode.swift; path = Calender.swift; sourceTree = "<group>"; };
		AE1558C71DD1AC93006F9E51 /* ListViewCell.swift */ = {isa = PBXFileReference; fileEncoding = 4; lastKnownFileType = sourcecode.swift; path = ListViewCell.swift; sourceTree = "<group>"; };
		AE1558C91DD1ADB8006F9E51 /* UserDefaultsManager.swift */ = {isa = PBXFileReference; fileEncoding = 4; lastKnownFileType = sourcecode.swift; path = UserDefaultsManager.swift; sourceTree = "<group>"; };
		AE1559191DD7676A006F9E51 /* EditViewController.swift */ = {isa = PBXFileReference; fileEncoding = 4; lastKnownFileType = sourcecode.swift; path = EditViewController.swift; sourceTree = "<group>"; };
/* End PBXFileReference section */

/* Begin PBXFrameworksBuildPhase section */
		AE1558AD1DD1A895006F9E51 /* Frameworks */ = {
			isa = PBXFrameworksBuildPhase;
			buildActionMask = 2147483647;
			files = (
			);
			runOnlyForDeploymentPostprocessing = 0;
		};
/* End PBXFrameworksBuildPhase section */

/* Begin PBXGroup section */
		AE1558A71DD1A895006F9E51 = {
			isa = PBXGroup;
			children = (
				AE1558B21DD1A895006F9E51 /* YourName */,
				AE1558B11DD1A895006F9E51 /* Products */,
			);
			sourceTree = "<group>";
		};
		AE1558B11DD1A895006F9E51 /* Products */ = {
			isa = PBXGroup;
			children = (
				AE1558B01DD1A895006F9E51 /* YourName.app */,
			);
			name = Products;
			sourceTree = "<group>";
		};
		AE1558B21DD1A895006F9E51 /* YourName */ = {
			isa = PBXGroup;
			children = (
				AE1558B31DD1A895006F9E51 /* AppDelegate.swift */,
				AE1558B51DD1A895006F9E51 /* ListTableViewController.swift */,
				AE1559191DD7676A006F9E51 /* EditViewController.swift */,
				AE1558C71DD1AC93006F9E51 /* ListViewCell.swift */,
				AE1558C91DD1ADB8006F9E51 /* UserDefaultsManager.swift */,
				AE1558C51DD1A9FB006F9E51 /* Calender.swift */,
				AE1558B71DD1A895006F9E51 /* Main.storyboard */,
				AE1558BA1DD1A895006F9E51 /* Assets.xcassets */,
				AE1558BC1DD1A895006F9E51 /* LaunchScreen.storyboard */,
				AE1558BF1DD1A895006F9E51 /* Info.plist */,
			);
			path = YourName;
			sourceTree = "<group>";
		};
/* End PBXGroup section */

/* Begin PBXNativeTarget section */
		AE1558AF1DD1A895006F9E51 /* YourName */ = {
			isa = PBXNativeTarget;
			buildConfigurationList = AE1558C21DD1A895006F9E51 /* Build configuration list for PBXNativeTarget "YourName" */;
			buildPhases = (
				AE1558AC1DD1A895006F9E51 /* Sources */,
				AE1558AD1DD1A895006F9E51 /* Frameworks */,
				AE1558AE1DD1A895006F9E51 /* Resources */,
			);
			buildRules = (
			);
			dependencies = (
			);
			name = YourName;
			productName = YourName;
			productReference = AE1558B01DD1A895006F9E51 /* YourName.app */;
			productType = "com.apple.product-type.application";
		};
/* End PBXNativeTarget section */

/* Begin PBXProject section */
		AE1558A81DD1A895006F9E51 /* Project object */ = {
			isa = PBXProject;
			attributes = {
				LastSwiftUpdateCheck = 0810;
				LastUpgradeCheck = 0810;
				ORGANIZATIONNAME = yuzushioh;
				TargetAttributes = {
					AE1558AF1DD1A895006F9E51 = {
						CreatedOnToolsVersion = 8.1;
						ProvisioningStyle = Automatic;
					};
				};
			};
			buildConfigurationList = AE1558AB1DD1A895006F9E51 /* Build configuration list for PBXProject "YourName" */;
			compatibilityVersion = "Xcode 3.2";
			developmentRegion = English;
			hasScannedForEncodings = 0;
			knownRegions = (
				en,
				Base,
			);
			mainGroup = AE1558A71DD1A895006F9E51;
			productRefGroup = AE1558B11DD1A895006F9E51 /* Products */;
			projectDirPath = "";
			projectRoot = "";
			targets = (
				AE1558AF1DD1A895006F9E51 /* YourName */,
			);
		};
/* End PBXProject section */

/* Begin PBXResourcesBuildPhase section */
		AE1558AE1DD1A895006F9E51 /* Resources */ = {
			isa = PBXResourcesBuildPhase;
			buildActionMask = 2147483647;
			files = (
				AE1558BE1DD1A895006F9E51 /* LaunchScreen.storyboard in Resources */,
				AE1558BB1DD1A895006F9E51 /* Assets.xcassets in Resources */,
				AE1558B91DD1A895006F9E51 /* Main.storyboard in Resources */,
			);
			runOnlyForDeploymentPostprocessing = 0;
		};
/* End PBXResourcesBuildPhase section */

/* Begin PBXSourcesBuildPhase section */
		AE1558AC1DD1A895006F9E51 /* Sources */ = {
			isa = PBXSourcesBuildPhase;
			buildActionMask = 2147483647;
			files = (
				AE1558C81DD1AC93006F9E51 /* ListViewCell.swift in Sources */,
				AE1558CA1DD1ADB8006F9E51 /* UserDefaultsManager.swift in Sources */,
				AE15591A1DD7676A006F9E51 /* EditViewController.swift in Sources */,
				AE1558B61DD1A895006F9E51 /* ListTableViewController.swift in Sources */,
				AE1558B41DD1A895006F9E51 /* AppDelegate.swift in Sources */,
				AE1558C61DD1A9FB006F9E51 /* Calender.swift in Sources */,
			);
			runOnlyForDeploymentPostprocessing = 0;
		};
/* End PBXSourcesBuildPhase section */

/* Begin PBXVariantGroup section */
		AE1558B71DD1A895006F9E51 /* Main.storyboard */ = {
			isa = PBXVariantGroup;
			children = (
				AE1558B81DD1A895006F9E51 /* Base */,
			);
			name = Main.storyboard;
			sourceTree = "<group>";
		};
		AE1558BC1DD1A895006F9E51 /* LaunchScreen.storyboard */ = {
			isa = PBXVariantGroup;
			children = (
				AE1558BD1DD1A895006F9E51 /* Base */,
			);
			name = LaunchScreen.storyboard;
			sourceTree = "<group>";
		};
/* End PBXVariantGroup section */

/* Begin XCBuildConfiguration section */
		AE1558C01DD1A895006F9E51 /* Debug */ = {
			isa = XCBuildConfiguration;
			buildSettings = {
				ALWAYS_SEARCH_USER_PATHS = NO;
				CLANG_ANALYZER_NONNULL = YES;
				CLANG_CXX_LANGUAGE_STANDARD = "gnu++0x";
				CLANG_CXX_LIBRARY = "libc++";
				CLANG_ENABLE_MODULES = YES;
				CLANG_ENABLE_OBJC_ARC = YES;
				CLANG_WARN_BOOL_CONVERSION = YES;
				CLANG_WARN_CONSTANT_CONVERSION = YES;
				CLANG_WARN_DIRECT_OBJC_ISA_USAGE = YES_ERROR;
				CLANG_WARN_DOCUMENTATION_COMMENTS = YES;
				CLANG_WARN_EMPTY_BODY = YES;
				CLANG_WARN_ENUM_CONVERSION = YES;
				CLANG_WARN_INFINITE_RECURSION = YES;
				CLANG_WARN_INT_CONVERSION = YES;
				CLANG_WARN_OBJC_ROOT_CLASS = YES_ERROR;
				CLANG_WARN_SUSPICIOUS_MOVES = YES;
				CLANG_WARN_UNREACHABLE_CODE = YES;
				CLANG_WARN__DUPLICATE_METHOD_MATCH = YES;
				"CODE_SIGN_IDENTITY[sdk=iphoneos*]" = "iPhone Developer";
				COPY_PHASE_STRIP = NO;
				DEBUG_INFORMATION_FORMAT = dwarf;
				ENABLE_STRICT_OBJC_MSGSEND = YES;
				ENABLE_TESTABILITY = YES;
				GCC_C_LANGUAGE_STANDARD = gnu99;
				GCC_DYNAMIC_NO_PIC = NO;
				GCC_NO_COMMON_BLOCKS = YES;
				GCC_OPTIMIZATION_LEVEL = 0;
				GCC_PREPROCESSOR_DEFINITIONS = (
					"DEBUG=1",
					"$(inherited)",
				);
				GCC_WARN_64_TO_32_BIT_CONVERSION = YES;
				GCC_WARN_ABOUT_RETURN_TYPE = YES_ERROR;
				GCC_WARN_UNDECLARED_SELECTOR = YES;
				GCC_WARN_UNINITIALIZED_AUTOS = YES_AGGRESSIVE;
				GCC_WARN_UNUSED_FUNCTION = YES;
				GCC_WARN_UNUSED_VARIABLE = YES;
				IPHONEOS_DEPLOYMENT_TARGET = 10.1;
				MTL_ENABLE_DEBUG_INFO = YES;
				ONLY_ACTIVE_ARCH = YES;
				SDKROOT = iphoneos;
				SWIFT_ACTIVE_COMPILATION_CONDITIONS = DEBUG;
				SWIFT_OPTIMIZATION_LEVEL = "-Onone";
			};
			name = Debug;
		};
		AE1558C11DD1A895006F9E51 /* Release */ = {
			isa = XCBuildConfiguration;
			buildSettings = {
				ALWAYS_SEARCH_USER_PATHS = NO;
				CLANG_ANALYZER_NONNULL = YES;
				CLANG_CXX_LANGUAGE_STANDARD = "gnu++0x";
				CLANG_CXX_LIBRARY = "libc++";
				CLANG_ENABLE_MODULES = YES;
				CLANG_ENABLE_OBJC_ARC = YES;
				CLANG_WARN_BOOL_CONVERSION = YES;
				CLANG_WARN_CONSTANT_CONVERSION = YES;
				CLANG_WARN_DIRECT_OBJC_ISA_USAGE = YES_ERROR;
				CLANG_WARN_DOCUMENTATION_COMMENTS = YES;
				CLANG_WARN_EMPTY_BODY = YES;
				CLANG_WARN_ENUM_CONVERSION = YES;
				CLANG_WARN_INFINITE_RECURSION = YES;
				CLANG_WARN_INT_CONVERSION = YES;
				CLANG_WARN_OBJC_ROOT_CLASS = YES_ERROR;
				CLANG_WARN_SUSPICIOUS_MOVES = YES;
				CLANG_WARN_UNREACHABLE_CODE = YES;
				CLANG_WARN__DUPLICATE_METHOD_MATCH = YES;
				"CODE_SIGN_IDENTITY[sdk=iphoneos*]" = "iPhone Developer";
				COPY_PHASE_STRIP = NO;
				DEBUG_INFORMATION_FORMAT = "dwarf-with-dsym";
				ENABLE_NS_ASSERTIONS = NO;
				ENABLE_STRICT_OBJC_MSGSEND = YES;
				GCC_C_LANGUAGE_STANDARD = gnu99;
				GCC_NO_COMMON_BLOCKS = YES;
				GCC_WARN_64_TO_32_BIT_CONVERSION = YES;
				GCC_WARN_ABOUT_RETURN_TYPE = YES_ERROR;
				GCC_WARN_UNDECLARED_SELECTOR = YES;
				GCC_WARN_UNINITIALIZED_AUTOS = YES_AGGRESSIVE;
				GCC_WARN_UNUSED_FUNCTION = YES;
				GCC_WARN_UNUSED_VARIABLE = YES;
				IPHONEOS_DEPLOYMENT_TARGET = 10.1;
				MTL_ENABLE_DEBUG_INFO = NO;
				SDKROOT = iphoneos;
				SWIFT_OPTIMIZATION_LEVEL = "-Owholemodule";
				VALIDATE_PRODUCT = YES;
			};
			name = Release;
		};
		AE1558C31DD1A895006F9E51 /* Debug */ = {
			isa = XCBuildConfiguration;
			buildSettings = {
				ASSETCATALOG_COMPILER_APPICON_NAME = AppIcon;
				INFOPLIST_FILE = YourName/Info.plist;
				LD_RUNPATH_SEARCH_PATHS = "$(inherited) @executable_path/Frameworks";
				PRODUCT_BUNDLE_IDENTIFIER = com.YourName.YourName;
				PRODUCT_NAME = "$(TARGET_NAME)";
				SWIFT_VERSION = 3.0;
			};
			name = Debug;
		};
		AE1558C41DD1A895006F9E51 /* Release */ = {
			isa = XCBuildConfiguration;
			buildSettings = {
				ASSETCATALOG_COMPILER_APPICON_NAME = AppIcon;
				INFOPLIST_FILE = YourName/Info.plist;
				LD_RUNPATH_SEARCH_PATHS = "$(inherited) @executable_path/Frameworks";
				PRODUCT_BUNDLE_IDENTIFIER = com.YourName.YourName;
				PRODUCT_NAME = "$(TARGET_NAME)";
				SWIFT_VERSION = 3.0;
			};
			name = Release;
		};
/* End XCBuildConfiguration section */

/* Begin XCConfigurationList section */
		AE1558AB1DD1A895006F9E51 /* Build configuration list for PBXProject "YourName" */ = {
			isa = XCConfigurationList;
			buildConfigurations = (
				AE1558C01DD1A895006F9E51 /* Debug */,
				AE1558C11DD1A895006F9E51 /* Release */,
			);
			defaultConfigurationIsVisible = 0;
			defaultConfigurationName = Release;
		};
		AE1558C21DD1A895006F9E51 /* Build configuration list for PBXNativeTarget "YourName" */ = {
			isa = XCConfigurationList;
			buildConfigurations = (
				AE1558C31DD1A895006F9E51 /* Debug */,
				AE1558C41DD1A895006F9E51 /* Release */,
			);
			defaultConfigurationIsVisible = 0;
			defaultConfigurationName = Release;
		};
/* End XCConfigurationList section */
	};
	rootObject = AE1558A81DD1A895006F9E51 /* Project object */;
}
