// !$*UTF8*$!
{
	archiveVersion = 1;
	classes = {
	};
	objectVersion = 46;
	objects = {

/* Begin PBXBuildFile section */
		2A732E991D5EF56300B86F8E /* AppDelegate.swift in Sources */ = {isa = PBXBuildFile; fileRef = 2A732E981D5EF56300B86F8E /* AppDelegate.swift */; };
		2A732E9E1D5EF56300B86F8E /* Main.storyboard in Resources */ = {isa = PBXBuildFile; fileRef = 2A732E9C1D5EF56300B86F8E /* Main.storyboard */; };
		2A732EA01D5EF56300B86F8E /* Assets.xcassets in Resources */ = {isa = PBXBuildFile; fileRef = 2A732E9F1D5EF56300B86F8E /* Assets.xcassets */; };
		2A732EA31D5EF56300B86F8E /* LaunchScreen.storyboard in Resources */ = {isa = PBXBuildFile; fileRef = 2A732EA11D5EF56300B86F8E /* LaunchScreen.storyboard */; };
		2A732EAE1D5EF56300B86F8E /* iOSDCRejetcedConferenceTests.swift in Sources */ = {isa = PBXBuildFile; fileRef = 2A732EAD1D5EF56300B86F8E /* iOSDCRejetcedConferenceTests.swift */; };
		2A732EB91D5EF56300B86F8E /* iOSDCRejetcedConferenceUITests.swift in Sources */ = {isa = PBXBuildFile; fileRef = 2A732EB81D5EF56300B86F8E /* iOSDCRejetcedConferenceUITests.swift */; };
		2A732EC71D5F5B5200B86F8E /* PhotoListViewController.swift in Sources */ = {isa = PBXBuildFile; fileRef = 2A732EC61D5F5B5200B86F8E /* PhotoListViewController.swift */; };
		2A732EC91D5F5B9200B86F8E /* PhotoViewCell.swift in Sources */ = {isa = PBXBuildFile; fileRef = 2A732EC81D5F5B9200B86F8E /* PhotoViewCell.swift */; };
		2A732ECB1D5F5C5700B86F8E /* Photo.swift in Sources */ = {isa = PBXBuildFile; fileRef = 2A732ECA1D5F5C5700B86F8E /* Photo.swift */; };
		2A732ECD1D5F637900B86F8E /* PhotoBrowserViewController.swift in Sources */ = {isa = PBXBuildFile; fileRef = 2A732ECC1D5F637900B86F8E /* PhotoBrowserViewController.swift */; };
		2A732ECF1D5F655900B86F8E /* PhotoBrowserScrollView.swift in Sources */ = {isa = PBXBuildFile; fileRef = 2A732ECE1D5F655900B86F8E /* PhotoBrowserScrollView.swift */; };
		2A732ED11D5F7DC400B86F8E /* ToastView.swift in Sources */ = {isa = PBXBuildFile; fileRef = 2A732ED01D5F7DC400B86F8E /* ToastView.swift */; };
/* End PBXBuildFile section */

/* Begin PBXContainerItemProxy section */
		2A732EAA1D5EF56300B86F8E /* PBXContainerItemProxy */ = {
			isa = PBXContainerItemProxy;
			containerPortal = 2A732E8D1D5EF56300B86F8E /* Project object */;
			proxyType = 1;
			remoteGlobalIDString = 2A732E941D5EF56300B86F8E;
			remoteInfo = iOSDCRejetcedConference;
		};
		2A732EB51D5EF56300B86F8E /* PBXContainerItemProxy */ = {
			isa = PBXContainerItemProxy;
			containerPortal = 2A732E8D1D5EF56300B86F8E /* Project object */;
			proxyType = 1;
			remoteGlobalIDString = 2A732E941D5EF56300B86F8E;
			remoteInfo = iOSDCRejetcedConference;
		};
/* End PBXContainerItemProxy section */

/* Begin PBXFileReference section */
		2A732E951D5EF56300B86F8E /* iOSDCRejetcedConference.app */ = {isa = PBXFileReference; explicitFileType = wrapper.application; includeInIndex = 0; path = iOSDCRejetcedConference.app; sourceTree = BUILT_PRODUCTS_DIR; };
		2A732E981D5EF56300B86F8E /* AppDelegate.swift */ = {isa = PBXFileReference; lastKnownFileType = sourcecode.swift; path = AppDelegate.swift; sourceTree = "<group>"; };
		2A732E9D1D5EF56300B86F8E /* Base */ = {isa = PBXFileReference; lastKnownFileType = file.storyboard; name = Base; path = Base.lproj/Main.storyboard; sourceTree = "<group>"; };
		2A732E9F1D5EF56300B86F8E /* Assets.xcassets */ = {isa = PBXFileReference; lastKnownFileType = folder.assetcatalog; path = Assets.xcassets; sourceTree = "<group>"; };
		2A732EA21D5EF56300B86F8E /* Base */ = {isa = PBXFileReference; lastKnownFileType = file.storyboard; name = Base; path = Base.lproj/LaunchScreen.storyboard; sourceTree = "<group>"; };
		2A732EA41D5EF56300B86F8E /* Info.plist */ = {isa = PBXFileReference; lastKnownFileType = text.plist.xml; path = Info.plist; sourceTree = "<group>"; };
		2A732EA91D5EF56300B86F8E /* iOSDCRejetcedConferenceTests.xctest */ = {isa = PBXFileReference; explicitFileType = wrapper.cfbundle; includeInIndex = 0; path = iOSDCRejetcedConferenceTests.xctest; sourceTree = BUILT_PRODUCTS_DIR; };
		2A732EAD1D5EF56300B86F8E /* iOSDCRejetcedConferenceTests.swift */ = {isa = PBXFileReference; lastKnownFileType = sourcecode.swift; path = iOSDCRejetcedConferenceTests.swift; sourceTree = "<group>"; };
		2A732EAF1D5EF56300B86F8E /* Info.plist */ = {isa = PBXFileReference; lastKnownFileType = text.plist.xml; path = Info.plist; sourceTree = "<group>"; };
		2A732EB41D5EF56300B86F8E /* iOSDCRejetcedConferenceUITests.xctest */ = {isa = PBXFileReference; explicitFileType = wrapper.cfbundle; includeInIndex = 0; path = iOSDCRejetcedConferenceUITests.xctest; sourceTree = BUILT_PRODUCTS_DIR; };
		2A732EB81D5EF56300B86F8E /* iOSDCRejetcedConferenceUITests.swift */ = {isa = PBXFileReference; lastKnownFileType = sourcecode.swift; path = iOSDCRejetcedConferenceUITests.swift; sourceTree = "<group>"; };
		2A732EBA1D5EF56300B86F8E /* Info.plist */ = {isa = PBXFileReference; lastKnownFileType = text.plist.xml; path = Info.plist; sourceTree = "<group>"; };
		2A732EC61D5F5B5200B86F8E /* PhotoListViewController.swift */ = {isa = PBXFileReference; fileEncoding = 4; lastKnownFileType = sourcecode.swift; path = PhotoListViewController.swift; sourceTree = "<group>"; };
		2A732EC81D5F5B9200B86F8E /* PhotoViewCell.swift */ = {isa = PBXFileReference; fileEncoding = 4; lastKnownFileType = sourcecode.swift; path = PhotoViewCell.swift; sourceTree = "<group>"; };
		2A732ECA1D5F5C5700B86F8E /* Photo.swift */ = {isa = PBXFileReference; fileEncoding = 4; lastKnownFileType = sourcecode.swift; path = Photo.swift; sourceTree = "<group>"; };
		2A732ECC1D5F637900B86F8E /* PhotoBrowserViewController.swift */ = {isa = PBXFileReference; fileEncoding = 4; lastKnownFileType = sourcecode.swift; path = PhotoBrowserViewController.swift; sourceTree = "<group>"; };
		2A732ECE1D5F655900B86F8E /* PhotoBrowserScrollView.swift */ = {isa = PBXFileReference; fileEncoding = 4; lastKnownFileType = sourcecode.swift; path = PhotoBrowserScrollView.swift; sourceTree = "<group>"; };
		2A732ED01D5F7DC400B86F8E /* ToastView.swift */ = {isa = PBXFileReference; fileEncoding = 4; lastKnownFileType = sourcecode.swift; path = ToastView.swift; sourceTree = "<group>"; };
/* End PBXFileReference section */

/* Begin PBXFrameworksBuildPhase section */
		2A732E921D5EF56300B86F8E /* Frameworks */ = {
			isa = PBXFrameworksBuildPhase;
			buildActionMask = 2147483647;
			files = (
			);
			runOnlyForDeploymentPostprocessing = 0;
		};
		2A732EA61D5EF56300B86F8E /* Frameworks */ = {
			isa = PBXFrameworksBuildPhase;
			buildActionMask = 2147483647;
			files = (
			);
			runOnlyForDeploymentPostprocessing = 0;
		};
		2A732EB11D5EF56300B86F8E /* Frameworks */ = {
			isa = PBXFrameworksBuildPhase;
			buildActionMask = 2147483647;
			files = (
			);
			runOnlyForDeploymentPostprocessing = 0;
		};
/* End PBXFrameworksBuildPhase section */

/* Begin PBXGroup section */
		2A732E8C1D5EF56300B86F8E = {
			isa = PBXGroup;
			children = (
				2A732E971D5EF56300B86F8E /* iOSDCRejetcedConference */,
				2A732EAC1D5EF56300B86F8E /* iOSDCRejetcedConferenceTests */,
				2A732EB71D5EF56300B86F8E /* iOSDCRejetcedConferenceUITests */,
				2A732E961D5EF56300B86F8E /* Products */,
			);
			sourceTree = "<group>";
		};
		2A732E961D5EF56300B86F8E /* Products */ = {
			isa = PBXGroup;
			children = (
				2A732E951D5EF56300B86F8E /* iOSDCRejetcedConference.app */,
				2A732EA91D5EF56300B86F8E /* iOSDCRejetcedConferenceTests.xctest */,
				2A732EB41D5EF56300B86F8E /* iOSDCRejetcedConferenceUITests.xctest */,
			);
			name = Products;
			sourceTree = "<group>";
		};
		2A732E971D5EF56300B86F8E /* iOSDCRejetcedConference */ = {
			isa = PBXGroup;
			children = (
				2A732E981D5EF56300B86F8E /* AppDelegate.swift */,
				2A732EC61D5F5B5200B86F8E /* PhotoListViewController.swift */,
				2A732ECC1D5F637900B86F8E /* PhotoBrowserViewController.swift */,
				2A732ECE1D5F655900B86F8E /* PhotoBrowserScrollView.swift */,
				2A732EC81D5F5B9200B86F8E /* PhotoViewCell.swift */,
				2A732ECA1D5F5C5700B86F8E /* Photo.swift */,
				2A732ED01D5F7DC400B86F8E /* ToastView.swift */,
				2A732E9C1D5EF56300B86F8E /* Main.storyboard */,
				2A732E9F1D5EF56300B86F8E /* Assets.xcassets */,
				2A732EA11D5EF56300B86F8E /* LaunchScreen.storyboard */,
				2A732EA41D5EF56300B86F8E /* Info.plist */,
			);
			path = iOSDCRejetcedConference;
			sourceTree = "<group>";
		};
		2A732EAC1D5EF56300B86F8E /* iOSDCRejetcedConferenceTests */ = {
			isa = PBXGroup;
			children = (
				2A732EAD1D5EF56300B86F8E /* iOSDCRejetcedConferenceTests.swift */,
				2A732EAF1D5EF56300B86F8E /* Info.plist */,
			);
			path = iOSDCRejetcedConferenceTests;
			sourceTree = "<group>";
		};
		2A732EB71D5EF56300B86F8E /* iOSDCRejetcedConferenceUITests */ = {
			isa = PBXGroup;
			children = (
				2A732EB81D5EF56300B86F8E /* iOSDCRejetcedConferenceUITests.swift */,
				2A732EBA1D5EF56300B86F8E /* Info.plist */,
			);
			path = iOSDCRejetcedConferenceUITests;
			sourceTree = "<group>";
		};
/* End PBXGroup section */

/* Begin PBXNativeTarget section */
		2A732E941D5EF56300B86F8E /* iOSDCRejetcedConference */ = {
			isa = PBXNativeTarget;
			buildConfigurationList = 2A732EBD1D5EF56300B86F8E /* Build configuration list for PBXNativeTarget "iOSDCRejetcedConference" */;
			buildPhases = (
				2A732E911D5EF56300B86F8E /* Sources */,
				2A732E921D5EF56300B86F8E /* Frameworks */,
				2A732E931D5EF56300B86F8E /* Resources */,
			);
			buildRules = (
			);
			dependencies = (
			);
			name = iOSDCRejetcedConference;
			productName = iOSDCRejetcedConference;
			productReference = 2A732E951D5EF56300B86F8E /* iOSDCRejetcedConference.app */;
			productType = "com.apple.product-type.application";
		};
		2A732EA81D5EF56300B86F8E /* iOSDCRejetcedConferenceTests */ = {
			isa = PBXNativeTarget;
			buildConfigurationList = 2A732EC01D5EF56300B86F8E /* Build configuration list for PBXNativeTarget "iOSDCRejetcedConferenceTests" */;
			buildPhases = (
				2A732EA51D5EF56300B86F8E /* Sources */,
				2A732EA61D5EF56300B86F8E /* Frameworks */,
				2A732EA71D5EF56300B86F8E /* Resources */,
			);
			buildRules = (
			);
			dependencies = (
				2A732EAB1D5EF56300B86F8E /* PBXTargetDependency */,
			);
			name = iOSDCRejetcedConferenceTests;
			productName = iOSDCRejetcedConferenceTests;
			productReference = 2A732EA91D5EF56300B86F8E /* iOSDCRejetcedConferenceTests.xctest */;
			productType = "com.apple.product-type.bundle.unit-test";
		};
		2A732EB31D5EF56300B86F8E /* iOSDCRejetcedConferenceUITests */ = {
			isa = PBXNativeTarget;
			buildConfigurationList = 2A732EC31D5EF56300B86F8E /* Build configuration list for PBXNativeTarget "iOSDCRejetcedConferenceUITests" */;
			buildPhases = (
				2A732EB01D5EF56300B86F8E /* Sources */,
				2A732EB11D5EF56300B86F8E /* Frameworks */,
				2A732EB21D5EF56300B86F8E /* Resources */,
			);
			buildRules = (
			);
			dependencies = (
				2A732EB61D5EF56300B86F8E /* PBXTargetDependency */,
			);
			name = iOSDCRejetcedConferenceUITests;
			productName = iOSDCRejetcedConferenceUITests;
			productReference = 2A732EB41D5EF56300B86F8E /* iOSDCRejetcedConferenceUITests.xctest */;
			productType = "com.apple.product-type.bundle.ui-testing";
		};
/* End PBXNativeTarget section */

/* Begin PBXProject section */
		2A732E8D1D5EF56300B86F8E /* Project object */ = {
			isa = PBXProject;
			attributes = {
				LastSwiftUpdateCheck = 0730;
				LastUpgradeCheck = 0730;
				ORGANIZATIONNAME = yuzushioh;
				TargetAttributes = {
					2A732E941D5EF56300B86F8E = {
						CreatedOnToolsVersion = 7.3.1;
					};
					2A732EA81D5EF56300B86F8E = {
						CreatedOnToolsVersion = 7.3.1;
						TestTargetID = 2A732E941D5EF56300B86F8E;
					};
					2A732EB31D5EF56300B86F8E = {
						CreatedOnToolsVersion = 7.3.1;
						TestTargetID = 2A732E941D5EF56300B86F8E;
					};
				};
			};
			buildConfigurationList = 2A732E901D5EF56300B86F8E /* Build configuration list for PBXProject "iOSDCRejetcedConference" */;
			compatibilityVersion = "Xcode 3.2";
			developmentRegion = English;
			hasScannedForEncodings = 0;
			knownRegions = (
				en,
				Base,
			);
			mainGroup = 2A732E8C1D5EF56300B86F8E;
			productRefGroup = 2A732E961D5EF56300B86F8E /* Products */;
			projectDirPath = "";
			projectRoot = "";
			targets = (
				2A732E941D5EF56300B86F8E /* iOSDCRejetcedConference */,
				2A732EA81D5EF56300B86F8E /* iOSDCRejetcedConferenceTests */,
				2A732EB31D5EF56300B86F8E /* iOSDCRejetcedConferenceUITests */,
			);
		};
/* End PBXProject section */

/* Begin PBXResourcesBuildPhase section */
		2A732E931D5EF56300B86F8E /* Resources */ = {
			isa = PBXResourcesBuildPhase;
			buildActionMask = 2147483647;
			files = (
				2A732EA31D5EF56300B86F8E /* LaunchScreen.storyboard in Resources */,
				2A732EA01D5EF56300B86F8E /* Assets.xcassets in Resources */,
				2A732E9E1D5EF56300B86F8E /* Main.storyboard in Resources */,
			);
			runOnlyForDeploymentPostprocessing = 0;
		};
		2A732EA71D5EF56300B86F8E /* Resources */ = {
			isa = PBXResourcesBuildPhase;
			buildActionMask = 2147483647;
			files = (
			);
			runOnlyForDeploymentPostprocessing = 0;
		};
		2A732EB21D5EF56300B86F8E /* Resources */ = {
			isa = PBXResourcesBuildPhase;
			buildActionMask = 2147483647;
			files = (
			);
			runOnlyForDeploymentPostprocessing = 0;
		};
/* End PBXResourcesBuildPhase section */

/* Begin PBXSourcesBuildPhase section */
		2A732E911D5EF56300B86F8E /* Sources */ = {
			isa = PBXSourcesBuildPhase;
			buildActionMask = 2147483647;
			files = (
				2A732ECB1D5F5C5700B86F8E /* Photo.swift in Sources */,
				2A732ED11D5F7DC400B86F8E /* ToastView.swift in Sources */,
				2A732E991D5EF56300B86F8E /* AppDelegate.swift in Sources */,
				2A732EC71D5F5B5200B86F8E /* PhotoListViewController.swift in Sources */,
				2A732ECF1D5F655900B86F8E /* PhotoBrowserScrollView.swift in Sources */,
				2A732EC91D5F5B9200B86F8E /* PhotoViewCell.swift in Sources */,
				2A732ECD1D5F637900B86F8E /* PhotoBrowserViewController.swift in Sources */,
			);
			runOnlyForDeploymentPostprocessing = 0;
		};
		2A732EA51D5EF56300B86F8E /* Sources */ = {
			isa = PBXSourcesBuildPhase;
			buildActionMask = 2147483647;
			files = (
				2A732EAE1D5EF56300B86F8E /* iOSDCRejetcedConferenceTests.swift in Sources */,
			);
			runOnlyForDeploymentPostprocessing = 0;
		};
		2A732EB01D5EF56300B86F8E /* Sources */ = {
			isa = PBXSourcesBuildPhase;
			buildActionMask = 2147483647;
			files = (
				2A732EB91D5EF56300B86F8E /* iOSDCRejetcedConferenceUITests.swift in Sources */,
			);
			runOnlyForDeploymentPostprocessing = 0;
		};
/* End PBXSourcesBuildPhase section */

/* Begin PBXTargetDependency section */
		2A732EAB1D5EF56300B86F8E /* PBXTargetDependency */ = {
			isa = PBXTargetDependency;
			target = 2A732E941D5EF56300B86F8E /* iOSDCRejetcedConference */;
			targetProxy = 2A732EAA1D5EF56300B86F8E /* PBXContainerItemProxy */;
		};
		2A732EB61D5EF56300B86F8E /* PBXTargetDependency */ = {
			isa = PBXTargetDependency;
			target = 2A732E941D5EF56300B86F8E /* iOSDCRejetcedConference */;
			targetProxy = 2A732EB51D5EF56300B86F8E /* PBXContainerItemProxy */;
		};
/* End PBXTargetDependency section */

/* Begin PBXVariantGroup section */
		2A732E9C1D5EF56300B86F8E /* Main.storyboard */ = {
			isa = PBXVariantGroup;
			children = (
				2A732E9D1D5EF56300B86F8E /* Base */,
			);
			name = Main.storyboard;
			sourceTree = "<group>";
		};
		2A732EA11D5EF56300B86F8E /* LaunchScreen.storyboard */ = {
			isa = PBXVariantGroup;
			children = (
				2A732EA21D5EF56300B86F8E /* Base */,
			);
			name = LaunchScreen.storyboard;
			sourceTree = "<group>";
		};
/* End PBXVariantGroup section */

/* Begin XCBuildConfiguration section */
		2A732EBB1D5EF56300B86F8E /* Debug */ = {
			isa = XCBuildConfiguration;
			buildSettings = {
				ALWAYS_SEARCH_USER_PATHS = NO;
				CLANG_ANALYZER_NONNULL = YES;
				CLANG_CXX_LANGUAGE_STANDARD = "gnu++0x";
				CLANG_CXX_LIBRARY = "libc++";
				CLANG_ENABLE_MODULES = YES;
				CLANG_ENABLE_OBJC_ARC = YES;
				CLANG_WARN_BOOL_CONVERSION = YES;
				CLANG_WARN_CONSTANT_CONVERSION = YES;
				CLANG_WARN_DIRECT_OBJC_ISA_USAGE = YES_ERROR;
				CLANG_WARN_EMPTY_BODY = YES;
				CLANG_WARN_ENUM_CONVERSION = YES;
				CLANG_WARN_INT_CONVERSION = YES;
				CLANG_WARN_OBJC_ROOT_CLASS = YES_ERROR;
				CLANG_WARN_UNREACHABLE_CODE = YES;
				CLANG_WARN__DUPLICATE_METHOD_MATCH = YES;
				"CODE_SIGN_IDENTITY[sdk=iphoneos*]" = "iPhone Developer";
				COPY_PHASE_STRIP = NO;
				DEBUG_INFORMATION_FORMAT = dwarf;
				ENABLE_STRICT_OBJC_MSGSEND = YES;
				ENABLE_TESTABILITY = YES;
				GCC_C_LANGUAGE_STANDARD = gnu99;
				GCC_DYNAMIC_NO_PIC = NO;
				GCC_NO_COMMON_BLOCKS = YES;
				GCC_OPTIMIZATION_LEVEL = 0;
				GCC_PREPROCESSOR_DEFINITIONS = (
					"DEBUG=1",
					"$(inherited)",
				);
				GCC_WARN_64_TO_32_BIT_CONVERSION = YES;
				GCC_WARN_ABOUT_RETURN_TYPE = YES_ERROR;
				GCC_WARN_UNDECLARED_SELECTOR = YES;
				GCC_WARN_UNINITIALIZED_AUTOS = YES_AGGRESSIVE;
				GCC_WARN_UNUSED_FUNCTION = YES;
				GCC_WARN_UNUSED_VARIABLE = YES;
				IPHONEOS_DEPLOYMENT_TARGET = 9.3;
				MTL_ENABLE_DEBUG_INFO = YES;
				ONLY_ACTIVE_ARCH = YES;
				SDKROOT = iphoneos;
				SWIFT_OPTIMIZATION_LEVEL = "-Onone";
			};
			name = Debug;
		};
		2A732EBC1D5EF56300B86F8E /* Release */ = {
			isa = XCBuildConfiguration;
			buildSettings = {
				ALWAYS_SEARCH_USER_PATHS = NO;
				CLANG_ANALYZER_NONNULL = YES;
				CLANG_CXX_LANGUAGE_STANDARD = "gnu++0x";
				CLANG_CXX_LIBRARY = "libc++";
				CLANG_ENABLE_MODULES = YES;
				CLANG_ENABLE_OBJC_ARC = YES;
				CLANG_WARN_BOOL_CONVERSION = YES;
				CLANG_WARN_CONSTANT_CONVERSION = YES;
				CLANG_WARN_DIRECT_OBJC_ISA_USAGE = YES_ERROR;
				CLANG_WARN_EMPTY_BODY = YES;
				CLANG_WARN_ENUM_CONVERSION = YES;
				CLANG_WARN_INT_CONVERSION = YES;
				CLANG_WARN_OBJC_ROOT_CLASS = YES_ERROR;
				CLANG_WARN_UNREACHABLE_CODE = YES;
				CLANG_WARN__DUPLICATE_METHOD_MATCH = YES;
				"CODE_SIGN_IDENTITY[sdk=iphoneos*]" = "iPhone Developer";
				COPY_PHASE_STRIP = NO;
				DEBUG_INFORMATION_FORMAT = "dwarf-with-dsym";
				ENABLE_NS_ASSERTIONS = NO;
				ENABLE_STRICT_OBJC_MSGSEND = YES;
				GCC_C_LANGUAGE_STANDARD = gnu99;
				GCC_NO_COMMON_BLOCKS = YES;
				GCC_WARN_64_TO_32_BIT_CONVERSION = YES;
				GCC_WARN_ABOUT_RETURN_TYPE = YES_ERROR;
				GCC_WARN_UNDECLARED_SELECTOR = YES;
				GCC_WARN_UNINITIALIZED_AUTOS = YES_AGGRESSIVE;
				GCC_WARN_UNUSED_FUNCTION = YES;
				GCC_WARN_UNUSED_VARIABLE = YES;
				IPHONEOS_DEPLOYMENT_TARGET = 9.3;
				MTL_ENABLE_DEBUG_INFO = NO;
				SDKROOT = iphoneos;
				VALIDATE_PRODUCT = YES;
			};
			name = Release;
		};
		2A732EBE1D5EF56300B86F8E /* Debug */ = {
			isa = XCBuildConfiguration;
			buildSettings = {
				ASSETCATALOG_COMPILER_APPICON_NAME = AppIcon;
				INFOPLIST_FILE = iOSDCRejetcedConference/Info.plist;
				LD_RUNPATH_SEARCH_PATHS = "$(inherited) @executable_path/Frameworks";
				PRODUCT_BUNDLE_IDENTIFIER = yuzushioh.iOSDCRejetcedConference;
				PRODUCT_NAME = "$(TARGET_NAME)";
			};
			name = Debug;
		};
		2A732EBF1D5EF56300B86F8E /* Release */ = {
			isa = XCBuildConfiguration;
			buildSettings = {
				ASSETCATALOG_COMPILER_APPICON_NAME = AppIcon;
				INFOPLIST_FILE = iOSDCRejetcedConference/Info.plist;
				LD_RUNPATH_SEARCH_PATHS = "$(inherited) @executable_path/Frameworks";
				PRODUCT_BUNDLE_IDENTIFIER = yuzushioh.iOSDCRejetcedConference;
				PRODUCT_NAME = "$(TARGET_NAME)";
			};
			name = Release;
		};
		2A732EC11D5EF56300B86F8E /* Debug */ = {
			isa = XCBuildConfiguration;
			buildSettings = {
				BUNDLE_LOADER = "$(TEST_HOST)";
				INFOPLIST_FILE = iOSDCRejetcedConferenceTests/Info.plist;
				LD_RUNPATH_SEARCH_PATHS = "$(inherited) @executable_path/Frameworks @loader_path/Frameworks";
				PRODUCT_BUNDLE_IDENTIFIER = yuzushioh.iOSDCRejetcedConferenceTests;
				PRODUCT_NAME = "$(TARGET_NAME)";
				TEST_HOST = "$(BUILT_PRODUCTS_DIR)/iOSDCRejetcedConference.app/iOSDCRejetcedConference";
			};
			name = Debug;
		};
		2A732EC21D5EF56300B86F8E /* Release */ = {
			isa = XCBuildConfiguration;
			buildSettings = {
				BUNDLE_LOADER = "$(TEST_HOST)";
				INFOPLIST_FILE = iOSDCRejetcedConferenceTests/Info.plist;
				LD_RUNPATH_SEARCH_PATHS = "$(inherited) @executable_path/Frameworks @loader_path/Frameworks";
				PRODUCT_BUNDLE_IDENTIFIER = yuzushioh.iOSDCRejetcedConferenceTests;
				PRODUCT_NAME = "$(TARGET_NAME)";
				TEST_HOST = "$(BUILT_PRODUCTS_DIR)/iOSDCRejetcedConference.app/iOSDCRejetcedConference";
			};
			name = Release;
		};
		2A732EC41D5EF56300B86F8E /* Debug */ = {
			isa = XCBuildConfiguration;
			buildSettings = {
				INFOPLIST_FILE = iOSDCRejetcedConferenceUITests/Info.plist;
				LD_RUNPATH_SEARCH_PATHS = "$(inherited) @executable_path/Frameworks @loader_path/Frameworks";
				PRODUCT_BUNDLE_IDENTIFIER = yuzushioh.iOSDCRejetcedConferenceUITests;
				PRODUCT_NAME = "$(TARGET_NAME)";
				TEST_TARGET_NAME = iOSDCRejetcedConference;
			};
			name = Debug;
		};
		2A732EC51D5EF56300B86F8E /* Release */ = {
			isa = XCBuildConfiguration;
			buildSettings = {
				INFOPLIST_FILE = iOSDCRejetcedConferenceUITests/Info.plist;
				LD_RUNPATH_SEARCH_PATHS = "$(inherited) @executable_path/Frameworks @loader_path/Frameworks";
				PRODUCT_BUNDLE_IDENTIFIER = yuzushioh.iOSDCRejetcedConferenceUITests;
				PRODUCT_NAME = "$(TARGET_NAME)";
				TEST_TARGET_NAME = iOSDCRejetcedConference;
			};
			name = Release;
		};
/* End XCBuildConfiguration section */

/* Begin XCConfigurationList section */
		2A732E901D5EF56300B86F8E /* Build configuration list for PBXProject "iOSDCRejetcedConference" */ = {
			isa = XCConfigurationList;
			buildConfigurations = (
				2A732EBB1D5EF56300B86F8E /* Debug */,
				2A732EBC1D5EF56300B86F8E /* Release */,
			);
			defaultConfigurationIsVisible = 0;
			defaultConfigurationName = Release;
		};
		2A732EBD1D5EF56300B86F8E /* Build configuration list for PBXNativeTarget "iOSDCRejetcedConference" */ = {
			isa = XCConfigurationList;
			buildConfigurations = (
				2A732EBE1D5EF56300B86F8E /* Debug */,
				2A732EBF1D5EF56300B86F8E /* Release */,
			);
			defaultConfigurationIsVisible = 0;
			defaultConfigurationName = Release;
		};
		2A732EC01D5EF56300B86F8E /* Build configuration list for PBXNativeTarget "iOSDCRejetcedConferenceTests" */ = {
			isa = XCConfigurationList;
			buildConfigurations = (
				2A732EC11D5EF56300B86F8E /* Debug */,
				2A732EC21D5EF56300B86F8E /* Release */,
			);
			defaultConfigurationIsVisible = 0;
			defaultConfigurationName = Release;
		};
		2A732EC31D5EF56300B86F8E /* Build configuration list for PBXNativeTarget "iOSDCRejetcedConferenceUITests" */ = {
			isa = XCConfigurationList;
			buildConfigurations = (
				2A732EC41D5EF56300B86F8E /* Debug */,
				2A732EC51D5EF56300B86F8E /* Release */,
			);
			defaultConfigurationIsVisible = 0;
			defaultConfigurationName = Release;
		};
/* End XCConfigurationList section */
	};
	rootObject = 2A732E8D1D5EF56300B86F8E /* Project object */;
}
