// !$*UTF8*$!
{
	archiveVersion = 1;
	classes = {
	};
	objectVersion = 46;
	objects = {

/* Begin PBXBuildFile section */
		AEFF4E2B1E8FDF8E00896345 /* AppDelegate.swift in Sources */ = {isa = PBXBuildFile; fileRef = AEFF4E2A1E8FDF8E00896345 /* AppDelegate.swift */; };
		AEFF4E2D1E8FDF8E00896345 /* ViewController.swift in Sources */ = {isa = PBXBuildFile; fileRef = AEFF4E2C1E8FDF8E00896345 /* ViewController.swift */; };
		AEFF4E301E8FDF8E00896345 /* Main.storyboard in Resources */ = {isa = PBXBuildFile; fileRef = AEFF4E2E1E8FDF8E00896345 /* Main.storyboard */; };
		AEFF4E321E8FDF8E00896345 /* Assets.xcassets in Resources */ = {isa = PBXBuildFile; fileRef = AEFF4E311E8FDF8E00896345 /* Assets.xcassets */; };
		AEFF4E351E8FDF8E00896345 /* LaunchScreen.storyboard in Resources */ = {isa = PBXBuildFile; fileRef = AEFF4E331E8FDF8E00896345 /* LaunchScreen.storyboard */; };
		AEFF4E401E8FDF8E00896345 /* RxSwfit_3_3_0Tests.swift in Sources */ = {isa = PBXBuildFile; fileRef = AEFF4E3F1E8FDF8E00896345 /* RxSwfit_3_3_0Tests.swift */; };
		AEFF4E4B1E8FDF8E00896345 /* RxSwfit_3_3_0UITests.swift in Sources */ = {isa = PBXBuildFile; fileRef = AEFF4E4A1E8FDF8E00896345 /* RxSwfit_3_3_0UITests.swift */; };
/* End PBXBuildFile section */

/* Begin PBXContainerItemProxy section */
		AEFF4E3C1E8FDF8E00896345 /* PBXContainerItemProxy */ = {
			isa = PBXContainerItemProxy;
			containerPortal = AEFF4E1F1E8FDF8E00896345 /* Project object */;
			proxyType = 1;
			remoteGlobalIDString = AEFF4E261E8FDF8E00896345;
			remoteInfo = "RxSwfit+3.3.0";
		};
		AEFF4E471E8FDF8E00896345 /* PBXContainerItemProxy */ = {
			isa = PBXContainerItemProxy;
			containerPortal = AEFF4E1F1E8FDF8E00896345 /* Project object */;
			proxyType = 1;
			remoteGlobalIDString = AEFF4E261E8FDF8E00896345;
			remoteInfo = "RxSwfit+3.3.0";
		};
/* End PBXContainerItemProxy section */

/* Begin PBXFileReference section */
		AEFF4E271E8FDF8E00896345 /* RxSwfit+3.3.0.app */ = {isa = PBXFileReference; explicitFileType = wrapper.application; includeInIndex = 0; path = "RxSwfit+3.3.0.app"; sourceTree = BUILT_PRODUCTS_DIR; };
		AEFF4E2A1E8FDF8E00896345 /* AppDelegate.swift */ = {isa = PBXFileReference; lastKnownFileType = sourcecode.swift; path = AppDelegate.swift; sourceTree = "<group>"; };
		AEFF4E2C1E8FDF8E00896345 /* ViewController.swift */ = {isa = PBXFileReference; lastKnownFileType = sourcecode.swift; path = ViewController.swift; sourceTree = "<group>"; };
		AEFF4E2F1E8FDF8E00896345 /* Base */ = {isa = PBXFileReference; lastKnownFileType = file.storyboard; name = Base; path = Base.lproj/Main.storyboard; sourceTree = "<group>"; };
		AEFF4E311E8FDF8E00896345 /* Assets.xcassets */ = {isa = PBXFileReference; lastKnownFileType = folder.assetcatalog; path = Assets.xcassets; sourceTree = "<group>"; };
		AEFF4E341E8FDF8E00896345 /* Base */ = {isa = PBXFileReference; lastKnownFileType = file.storyboard; name = Base; path = Base.lproj/LaunchScreen.storyboard; sourceTree = "<group>"; };
		AEFF4E361E8FDF8E00896345 /* Info.plist */ = {isa = PBXFileReference; lastKnownFileType = text.plist.xml; path = Info.plist; sourceTree = "<group>"; };
		AEFF4E3B1E8FDF8E00896345 /* RxSwfit+3.3.0Tests.xctest */ = {isa = PBXFileReference; explicitFileType = wrapper.cfbundle; includeInIndex = 0; path = "RxSwfit+3.3.0Tests.xctest"; sourceTree = BUILT_PRODUCTS_DIR; };
		AEFF4E3F1E8FDF8E00896345 /* RxSwfit_3_3_0Tests.swift */ = {isa = PBXFileReference; lastKnownFileType = sourcecode.swift; path = RxSwfit_3_3_0Tests.swift; sourceTree = "<group>"; };
		AEFF4E411E8FDF8E00896345 /* Info.plist */ = {isa = PBXFileReference; lastKnownFileType = text.plist.xml; path = Info.plist; sourceTree = "<group>"; };
		AEFF4E461E8FDF8E00896345 /* RxSwfit+3.3.0UITests.xctest */ = {isa = PBXFileReference; explicitFileType = wrapper.cfbundle; includeInIndex = 0; path = "RxSwfit+3.3.0UITests.xctest"; sourceTree = BUILT_PRODUCTS_DIR; };
		AEFF4E4A1E8FDF8E00896345 /* RxSwfit_3_3_0UITests.swift */ = {isa = PBXFileReference; lastKnownFileType = sourcecode.swift; path = RxSwfit_3_3_0UITests.swift; sourceTree = "<group>"; };
		AEFF4E4C1E8FDF8E00896345 /* Info.plist */ = {isa = PBXFileReference; lastKnownFileType = text.plist.xml; path = Info.plist; sourceTree = "<group>"; };
/* End PBXFileReference section */

/* Begin PBXFrameworksBuildPhase section */
		AEFF4E241E8FDF8E00896345 /* Frameworks */ = {
			isa = PBXFrameworksBuildPhase;
			buildActionMask = 2147483647;
			files = (
			);
			runOnlyForDeploymentPostprocessing = 0;
		};
		AEFF4E381E8FDF8E00896345 /* Frameworks */ = {
			isa = PBXFrameworksBuildPhase;
			buildActionMask = 2147483647;
			files = (
			);
			runOnlyForDeploymentPostprocessing = 0;
		};
		AEFF4E431E8FDF8E00896345 /* Frameworks */ = {
			isa = PBXFrameworksBuildPhase;
			buildActionMask = 2147483647;
			files = (
			);
			runOnlyForDeploymentPostprocessing = 0;
		};
/* End PBXFrameworksBuildPhase section */

/* Begin PBXGroup section */
		AEFF4E1E1E8FDF8E00896345 = {
			isa = PBXGroup;
			children = (
				AEFF4E291E8FDF8E00896345 /* RxSwfit+3.3.0 */,
				AEFF4E3E1E8FDF8E00896345 /* RxSwfit+3.3.0Tests */,
				AEFF4E491E8FDF8E00896345 /* RxSwfit+3.3.0UITests */,
				AEFF4E281E8FDF8E00896345 /* Products */,
			);
			sourceTree = "<group>";
		};
		AEFF4E281E8FDF8E00896345 /* Products */ = {
			isa = PBXGroup;
			children = (
				AEFF4E271E8FDF8E00896345 /* RxSwfit+3.3.0.app */,
				AEFF4E3B1E8FDF8E00896345 /* RxSwfit+3.3.0Tests.xctest */,
				AEFF4E461E8FDF8E00896345 /* RxSwfit+3.3.0UITests.xctest */,
			);
			name = Products;
			sourceTree = "<group>";
		};
		AEFF4E291E8FDF8E00896345 /* RxSwfit+3.3.0 */ = {
			isa = PBXGroup;
			children = (
				AEFF4E2A1E8FDF8E00896345 /* AppDelegate.swift */,
				AEFF4E2C1E8FDF8E00896345 /* ViewController.swift */,
				AEFF4E2E1E8FDF8E00896345 /* Main.storyboard */,
				AEFF4E311E8FDF8E00896345 /* Assets.xcassets */,
				AEFF4E331E8FDF8E00896345 /* LaunchScreen.storyboard */,
				AEFF4E361E8FDF8E00896345 /* Info.plist */,
			);
			path = "RxSwfit+3.3.0";
			sourceTree = "<group>";
		};
		AEFF4E3E1E8FDF8E00896345 /* RxSwfit+3.3.0Tests */ = {
			isa = PBXGroup;
			children = (
				AEFF4E3F1E8FDF8E00896345 /* RxSwfit_3_3_0Tests.swift */,
				AEFF4E411E8FDF8E00896345 /* Info.plist */,
			);
			path = "RxSwfit+3.3.0Tests";
			sourceTree = "<group>";
		};
		AEFF4E491E8FDF8E00896345 /* RxSwfit+3.3.0UITests */ = {
			isa = PBXGroup;
			children = (
				AEFF4E4A1E8FDF8E00896345 /* RxSwfit_3_3_0UITests.swift */,
				AEFF4E4C1E8FDF8E00896345 /* Info.plist */,
			);
			path = "RxSwfit+3.3.0UITests";
			sourceTree = "<group>";
		};
/* End PBXGroup section */

/* Begin PBXNativeTarget section */
		AEFF4E261E8FDF8E00896345 /* RxSwfit+3.3.0 */ = {
			isa = PBXNativeTarget;
			buildConfigurationList = AEFF4E4F1E8FDF8E00896345 /* Build configuration list for PBXNativeTarget "RxSwfit+3.3.0" */;
			buildPhases = (
				AEFF4E231E8FDF8E00896345 /* Sources */,
				AEFF4E241E8FDF8E00896345 /* Frameworks */,
				AEFF4E251E8FDF8E00896345 /* Resources */,
			);
			buildRules = (
			);
			dependencies = (
			);
			name = "RxSwfit+3.3.0";
			productName = "RxSwfit+3.3.0";
			productReference = AEFF4E271E8FDF8E00896345 /* RxSwfit+3.3.0.app */;
			productType = "com.apple.product-type.application";
		};
		AEFF4E3A1E8FDF8E00896345 /* RxSwfit+3.3.0Tests */ = {
			isa = PBXNativeTarget;
			buildConfigurationList = AEFF4E521E8FDF8E00896345 /* Build configuration list for PBXNativeTarget "RxSwfit+3.3.0Tests" */;
			buildPhases = (
				AEFF4E371E8FDF8E00896345 /* Sources */,
				AEFF4E381E8FDF8E00896345 /* Frameworks */,
				AEFF4E391E8FDF8E00896345 /* Resources */,
			);
			buildRules = (
			);
			dependencies = (
				AEFF4E3D1E8FDF8E00896345 /* PBXTargetDependency */,
			);
			name = "RxSwfit+3.3.0Tests";
			productName = "RxSwfit+3.3.0Tests";
			productReference = AEFF4E3B1E8FDF8E00896345 /* RxSwfit+3.3.0Tests.xctest */;
			productType = "com.apple.product-type.bundle.unit-test";
		};
		AEFF4E451E8FDF8E00896345 /* RxSwfit+3.3.0UITests */ = {
			isa = PBXNativeTarget;
			buildConfigurationList = AEFF4E551E8FDF8E00896345 /* Build configuration list for PBXNativeTarget "RxSwfit+3.3.0UITests" */;
			buildPhases = (
				AEFF4E421E8FDF8E00896345 /* Sources */,
				AEFF4E431E8FDF8E00896345 /* Frameworks */,
				AEFF4E441E8FDF8E00896345 /* Resources */,
			);
			buildRules = (
			);
			dependencies = (
				AEFF4E481E8FDF8E00896345 /* PBXTargetDependency */,
			);
			name = "RxSwfit+3.3.0UITests";
			productName = "RxSwfit+3.3.0UITests";
			productReference = AEFF4E461E8FDF8E00896345 /* RxSwfit+3.3.0UITests.xctest */;
			productType = "com.apple.product-type.bundle.ui-testing";
		};
/* End PBXNativeTarget section */

/* Begin PBXProject section */
		AEFF4E1F1E8FDF8E00896345 /* Project object */ = {
			isa = PBXProject;
			attributes = {
				LastSwiftUpdateCheck = 0830;
				LastUpgradeCheck = 0830;
				ORGANIZATIONNAME = yuzushioh;
				TargetAttributes = {
					AEFF4E261E8FDF8E00896345 = {
						CreatedOnToolsVersion = 8.3;
						ProvisioningStyle = Automatic;
					};
					AEFF4E3A1E8FDF8E00896345 = {
						CreatedOnToolsVersion = 8.3;
						ProvisioningStyle = Automatic;
						TestTargetID = AEFF4E261E8FDF8E00896345;
					};
					AEFF4E451E8FDF8E00896345 = {
						CreatedOnToolsVersion = 8.3;
						ProvisioningStyle = Automatic;
						TestTargetID = AEFF4E261E8FDF8E00896345;
					};
				};
			};
			buildConfigurationList = AEFF4E221E8FDF8E00896345 /* Build configuration list for PBXProject "RxSwfit+3.3.0" */;
			compatibilityVersion = "Xcode 3.2";
			developmentRegion = English;
			hasScannedForEncodings = 0;
			knownRegions = (
				en,
				Base,
			);
			mainGroup = AEFF4E1E1E8FDF8E00896345;
			productRefGroup = AEFF4E281E8FDF8E00896345 /* Products */;
			projectDirPath = "";
			projectRoot = "";
			targets = (
				AEFF4E261E8FDF8E00896345 /* RxSwfit+3.3.0 */,
				AEFF4E3A1E8FDF8E00896345 /* RxSwfit+3.3.0Tests */,
				AEFF4E451E8FDF8E00896345 /* RxSwfit+3.3.0UITests */,
			);
		};
/* End PBXProject section */

/* Begin PBXResourcesBuildPhase section */
		AEFF4E251E8FDF8E00896345 /* Resources */ = {
			isa = PBXResourcesBuildPhase;
			buildActionMask = 2147483647;
			files = (
				AEFF4E351E8FDF8E00896345 /* LaunchScreen.storyboard in Resources */,
				AEFF4E321E8FDF8E00896345 /* Assets.xcassets in Resources */,
				AEFF4E301E8FDF8E00896345 /* Main.storyboard in Resources */,
			);
			runOnlyForDeploymentPostprocessing = 0;
		};
		AEFF4E391E8FDF8E00896345 /* Resources */ = {
			isa = PBXResourcesBuildPhase;
			buildActionMask = 2147483647;
			files = (
			);
			runOnlyForDeploymentPostprocessing = 0;
		};
		AEFF4E441E8FDF8E00896345 /* Resources */ = {
			isa = PBXResourcesBuildPhase;
			buildActionMask = 2147483647;
			files = (
			);
			runOnlyForDeploymentPostprocessing = 0;
		};
/* End PBXResourcesBuildPhase section */

/* Begin PBXSourcesBuildPhase section */
		AEFF4E231E8FDF8E00896345 /* Sources */ = {
			isa = PBXSourcesBuildPhase;
			buildActionMask = 2147483647;
			files = (
				AEFF4E2D1E8FDF8E00896345 /* ViewController.swift in Sources */,
				AEFF4E2B1E8FDF8E00896345 /* AppDelegate.swift in Sources */,
			);
			runOnlyForDeploymentPostprocessing = 0;
		};
		AEFF4E371E8FDF8E00896345 /* Sources */ = {
			isa = PBXSourcesBuildPhase;
			buildActionMask = 2147483647;
			files = (
				AEFF4E401E8FDF8E00896345 /* RxSwfit_3_3_0Tests.swift in Sources */,
			);
			runOnlyForDeploymentPostprocessing = 0;
		};
		AEFF4E421E8FDF8E00896345 /* Sources */ = {
			isa = PBXSourcesBuildPhase;
			buildActionMask = 2147483647;
			files = (
				AEFF4E4B1E8FDF8E00896345 /* RxSwfit_3_3_0UITests.swift in Sources */,
			);
			runOnlyForDeploymentPostprocessing = 0;
		};
/* End PBXSourcesBuildPhase section */

/* Begin PBXTargetDependency section */
		AEFF4E3D1E8FDF8E00896345 /* PBXTargetDependency */ = {
			isa = PBXTargetDependency;
			target = AEFF4E261E8FDF8E00896345 /* RxSwfit+3.3.0 */;
			targetProxy = AEFF4E3C1E8FDF8E00896345 /* PBXContainerItemProxy */;
		};
		AEFF4E481E8FDF8E00896345 /* PBXTargetDependency */ = {
			isa = PBXTargetDependency;
			target = AEFF4E261E8FDF8E00896345 /* RxSwfit+3.3.0 */;
			targetProxy = AEFF4E471E8FDF8E00896345 /* PBXContainerItemProxy */;
		};
/* End PBXTargetDependency section */

/* Begin PBXVariantGroup section */
		AEFF4E2E1E8FDF8E00896345 /* Main.storyboard */ = {
			isa = PBXVariantGroup;
			children = (
				AEFF4E2F1E8FDF8E00896345 /* Base */,
			);
			name = Main.storyboard;
			sourceTree = "<group>";
		};
		AEFF4E331E8FDF8E00896345 /* LaunchScreen.storyboard */ = {
			isa = PBXVariantGroup;
			children = (
				AEFF4E341E8FDF8E00896345 /* Base */,
			);
			name = LaunchScreen.storyboard;
			sourceTree = "<group>";
		};
/* End PBXVariantGroup section */

/* Begin XCBuildConfiguration section */
		AEFF4E4D1E8FDF8E00896345 /* Debug */ = {
			isa = XCBuildConfiguration;
			buildSettings = {
				ALWAYS_SEARCH_USER_PATHS = NO;
				CLANG_ANALYZER_NONNULL = YES;
				CLANG_ANALYZER_NUMBER_OBJECT_CONVERSION = YES_AGGRESSIVE;
				CLANG_CXX_LANGUAGE_STANDARD = "gnu++0x";
				CLANG_CXX_LIBRARY = "libc++";
				CLANG_ENABLE_MODULES = YES;
				CLANG_ENABLE_OBJC_ARC = YES;
				CLANG_WARN_BOOL_CONVERSION = YES;
				CLANG_WARN_CONSTANT_CONVERSION = YES;
				CLANG_WARN_DIRECT_OBJC_ISA_USAGE = YES_ERROR;
				CLANG_WARN_DOCUMENTATION_COMMENTS = YES;
				CLANG_WARN_EMPTY_BODY = YES;
				CLANG_WARN_ENUM_CONVERSION = YES;
				CLANG_WARN_INFINITE_RECURSION = YES;
				CLANG_WARN_INT_CONVERSION = YES;
				CLANG_WARN_OBJC_ROOT_CLASS = YES_ERROR;
				CLANG_WARN_SUSPICIOUS_MOVE = YES;
				CLANG_WARN_UNREACHABLE_CODE = YES;
				CLANG_WARN__DUPLICATE_METHOD_MATCH = YES;
				"CODE_SIGN_IDENTITY[sdk=iphoneos*]" = "iPhone Developer";
				COPY_PHASE_STRIP = NO;
				DEBUG_INFORMATION_FORMAT = dwarf;
				ENABLE_STRICT_OBJC_MSGSEND = YES;
				ENABLE_TESTABILITY = YES;
				GCC_C_LANGUAGE_STANDARD = gnu99;
				GCC_DYNAMIC_NO_PIC = NO;
				GCC_NO_COMMON_BLOCKS = YES;
				GCC_OPTIMIZATION_LEVEL = 0;
				GCC_PREPROCESSOR_DEFINITIONS = (
					"DEBUG=1",
					"$(inherited)",
				);
				GCC_WARN_64_TO_32_BIT_CONVERSION = YES;
				GCC_WARN_ABOUT_RETURN_TYPE = YES_ERROR;
				GCC_WARN_UNDECLARED_SELECTOR = YES;
				GCC_WARN_UNINITIALIZED_AUTOS = YES_AGGRESSIVE;
				GCC_WARN_UNUSED_FUNCTION = YES;
				GCC_WARN_UNUSED_VARIABLE = YES;
				IPHONEOS_DEPLOYMENT_TARGET = 10.3;
				MTL_ENABLE_DEBUG_INFO = YES;
				ONLY_ACTIVE_ARCH = YES;
				SDKROOT = iphoneos;
				SWIFT_ACTIVE_COMPILATION_CONDITIONS = DEBUG;
				SWIFT_OPTIMIZATION_LEVEL = "-Onone";
			};
			name = Debug;
		};
		AEFF4E4E1E8FDF8E00896345 /* Release */ = {
			isa = XCBuildConfiguration;
			buildSettings = {
				ALWAYS_SEARCH_USER_PATHS = NO;
				CLANG_ANALYZER_NONNULL = YES;
				CLANG_ANALYZER_NUMBER_OBJECT_CONVERSION = YES_AGGRESSIVE;
				CLANG_CXX_LANGUAGE_STANDARD = "gnu++0x";
				CLANG_CXX_LIBRARY = "libc++";
				CLANG_ENABLE_MODULES = YES;
				CLANG_ENABLE_OBJC_ARC = YES;
				CLANG_WARN_BOOL_CONVERSION = YES;
				CLANG_WARN_CONSTANT_CONVERSION = YES;
				CLANG_WARN_DIRECT_OBJC_ISA_USAGE = YES_ERROR;
				CLANG_WARN_DOCUMENTATION_COMMENTS = YES;
				CLANG_WARN_EMPTY_BODY = YES;
				CLANG_WARN_ENUM_CONVERSION = YES;
				CLANG_WARN_INFINITE_RECURSION = YES;
				CLANG_WARN_INT_CONVERSION = YES;
				CLANG_WARN_OBJC_ROOT_CLASS = YES_ERROR;
				CLANG_WARN_SUSPICIOUS_MOVE = YES;
				CLANG_WARN_UNREACHABLE_CODE = YES;
				CLANG_WARN__DUPLICATE_METHOD_MATCH = YES;
				"CODE_SIGN_IDENTITY[sdk=iphoneos*]" = "iPhone Developer";
				COPY_PHASE_STRIP = NO;
				DEBUG_INFORMATION_FORMAT = "dwarf-with-dsym";
				ENABLE_NS_ASSERTIONS = NO;
				ENABLE_STRICT_OBJC_MSGSEND = YES;
				GCC_C_LANGUAGE_STANDARD = gnu99;
				GCC_NO_COMMON_BLOCKS = YES;
				GCC_WARN_64_TO_32_BIT_CONVERSION = YES;
				GCC_WARN_ABOUT_RETURN_TYPE = YES_ERROR;
				GCC_WARN_UNDECLARED_SELECTOR = YES;
				GCC_WARN_UNINITIALIZED_AUTOS = YES_AGGRESSIVE;
				GCC_WARN_UNUSED_FUNCTION = YES;
				GCC_WARN_UNUSED_VARIABLE = YES;
				IPHONEOS_DEPLOYMENT_TARGET = 10.3;
				MTL_ENABLE_DEBUG_INFO = NO;
				SDKROOT = iphoneos;
				SWIFT_OPTIMIZATION_LEVEL = "-Owholemodule";
				VALIDATE_PRODUCT = YES;
			};
			name = Release;
		};
		AEFF4E501E8FDF8E00896345 /* Debug */ = {
			isa = XCBuildConfiguration;
			buildSettings = {
				ASSETCATALOG_COMPILER_APPICON_NAME = AppIcon;
				INFOPLIST_FILE = "RxSwfit+3.3.0/Info.plist";
				LD_RUNPATH_SEARCH_PATHS = "$(inherited) @executable_path/Frameworks";
				PRODUCT_BUNDLE_IDENTIFIER = "com.rx.RxSwfit-3-3-0";
				PRODUCT_NAME = "$(TARGET_NAME)";
				SWIFT_VERSION = 3.0;
			};
			name = Debug;
		};
		AEFF4E511E8FDF8E00896345 /* Release */ = {
			isa = XCBuildConfiguration;
			buildSettings = {
				ASSETCATALOG_COMPILER_APPICON_NAME = AppIcon;
				INFOPLIST_FILE = "RxSwfit+3.3.0/Info.plist";
				LD_RUNPATH_SEARCH_PATHS = "$(inherited) @executable_path/Frameworks";
				PRODUCT_BUNDLE_IDENTIFIER = "com.rx.RxSwfit-3-3-0";
				PRODUCT_NAME = "$(TARGET_NAME)";
				SWIFT_VERSION = 3.0;
			};
			name = Release;
		};
		AEFF4E531E8FDF8E00896345 /* Debug */ = {
			isa = XCBuildConfiguration;
			buildSettings = {
				ALWAYS_EMBED_SWIFT_STANDARD_LIBRARIES = YES;
				BUNDLE_LOADER = "$(TEST_HOST)";
				INFOPLIST_FILE = "RxSwfit+3.3.0Tests/Info.plist";
				LD_RUNPATH_SEARCH_PATHS = "$(inherited) @executable_path/Frameworks @loader_path/Frameworks";
				PRODUCT_BUNDLE_IDENTIFIER = "com.rx.RxSwfit-3-3-0Tests";
				PRODUCT_NAME = "$(TARGET_NAME)";
				SWIFT_VERSION = 3.0;
				TEST_HOST = "$(BUILT_PRODUCTS_DIR)/RxSwfit+3.3.0.app/RxSwfit+3.3.0";
			};
			name = Debug;
		};
		AEFF4E541E8FDF8E00896345 /* Release */ = {
			isa = XCBuildConfiguration;
			buildSettings = {
				ALWAYS_EMBED_SWIFT_STANDARD_LIBRARIES = YES;
				BUNDLE_LOADER = "$(TEST_HOST)";
				INFOPLIST_FILE = "RxSwfit+3.3.0Tests/Info.plist";
				LD_RUNPATH_SEARCH_PATHS = "$(inherited) @executable_path/Frameworks @loader_path/Frameworks";
				PRODUCT_BUNDLE_IDENTIFIER = "com.rx.RxSwfit-3-3-0Tests";
				PRODUCT_NAME = "$(TARGET_NAME)";
				SWIFT_VERSION = 3.0;
				TEST_HOST = "$(BUILT_PRODUCTS_DIR)/RxSwfit+3.3.0.app/RxSwfit+3.3.0";
			};
			name = Release;
		};
		AEFF4E561E8FDF8E00896345 /* Debug */ = {
			isa = XCBuildConfiguration;
			buildSettings = {
				ALWAYS_EMBED_SWIFT_STANDARD_LIBRARIES = YES;
				INFOPLIST_FILE = "RxSwfit+3.3.0UITests/Info.plist";
				LD_RUNPATH_SEARCH_PATHS = "$(inherited) @executable_path/Frameworks @loader_path/Frameworks";
				PRODUCT_BUNDLE_IDENTIFIER = "com.rx.RxSwfit-3-3-0UITests";
				PRODUCT_NAME = "$(TARGET_NAME)";
				SWIFT_VERSION = 3.0;
				TEST_TARGET_NAME = "RxSwfit+3.3.0";
			};
			name = Debug;
		};
		AEFF4E571E8FDF8E00896345 /* Release */ = {
			isa = XCBuildConfiguration;
			buildSettings = {
				ALWAYS_EMBED_SWIFT_STANDARD_LIBRARIES = YES;
				INFOPLIST_FILE = "RxSwfit+3.3.0UITests/Info.plist";
				LD_RUNPATH_SEARCH_PATHS = "$(inherited) @executable_path/Frameworks @loader_path/Frameworks";
				PRODUCT_BUNDLE_IDENTIFIER = "com.rx.RxSwfit-3-3-0UITests";
				PRODUCT_NAME = "$(TARGET_NAME)";
				SWIFT_VERSION = 3.0;
				TEST_TARGET_NAME = "RxSwfit+3.3.0";
			};
			name = Release;
		};
/* End XCBuildConfiguration section */

/* Begin XCConfigurationList section */
		AEFF4E221E8FDF8E00896345 /* Build configuration list for PBXProject "RxSwfit+3.3.0" */ = {
			isa = XCConfigurationList;
			buildConfigurations = (
				AEFF4E4D1E8FDF8E00896345 /* Debug */,
				AEFF4E4E1E8FDF8E00896345 /* Release */,
			);
			defaultConfigurationIsVisible = 0;
			defaultConfigurationName = Release;
		};
		AEFF4E4F1E8FDF8E00896345 /* Build configuration list for PBXNativeTarget "RxSwfit+3.3.0" */ = {
			isa = XCConfigurationList;
			buildConfigurations = (
				AEFF4E501E8FDF8E00896345 /* Debug */,
				AEFF4E511E8FDF8E00896345 /* Release */,
			);
			defaultConfigurationIsVisible = 0;
		};
		AEFF4E521E8FDF8E00896345 /* Build configuration list for PBXNativeTarget "RxSwfit+3.3.0Tests" */ = {
			isa = XCConfigurationList;
			buildConfigurations = (
				AEFF4E531E8FDF8E00896345 /* Debug */,
				AEFF4E541E8FDF8E00896345 /* Release */,
			);
			defaultConfigurationIsVisible = 0;
		};
		AEFF4E551E8FDF8E00896345 /* Build configuration list for PBXNativeTarget "RxSwfit+3.3.0UITests" */ = {
			isa = XCConfigurationList;
			buildConfigurations = (
				AEFF4E561E8FDF8E00896345 /* Debug */,
				AEFF4E571E8FDF8E00896345 /* Release */,
			);
			defaultConfigurationIsVisible = 0;
		};
/* End XCConfigurationList section */
	};
	rootObject = AEFF4E1F1E8FDF8E00896345 /* Project object */;
}
